
Microsoft Visual Studio Solution File, Format Version 12.00
# Visual Studio Version 17
VisualStudioVersion = 17.9.34701.34
MinimumVisualStudioVersion = 10.0.40219.1
Project("{8BC9CEB8-8B4A-11D0-8D11-00A0C91BC942}") = "StackKavrami", "..\StackKavrami\StackKavrami.vcxproj", "{E849A312-63D8-4A0E-A768-54F6EF286A02}"
EndProject
Project("{8BC9CEB8-8B4A-11D0-8D11-00A0C91BC942}") = "StackKavrami2", "..\StackKavrami2\StackKavrami2.vcxproj", "{DD5781E3-F3FB-44C2-882F-2D6841C1DF56}"
EndProject
Project("{8BC9CEB8-8B4A-11D0-8D11-00A0C91BC942}") = "VeriTurleriDonusum", "..\VeriTurleriDonusum\VeriTurleriDonusum.vcxproj", "{4ED1B753-44F9-43B8-8243-6FE0A71E71E0}"
EndProject
Project("{8BC9CEB8-8B4A-11D0-8D11-00A0C91BC942}") = "ArithmeticOperators", "..\ArithmeticOperators\ArithmeticOperators.vcxproj", "{F6AEA3B7-8365-4A03-92C8-9492ECBFA7CB}"
EndProject
Project("{8BC9CEB8-8B4A-11D0-8D11-00A0C91BC942}") = "AssignmentOperators", "..\AssignmentOperators\AssignmentOperators.vcxproj", "{D865D371-DCF4-4DAB-B861-24C2566077B5}"
EndProject
Project("{8BC9CEB8-8B4A-11D0-8D11-00A0C91BC942}") = "ComparisonOperators", "..\ComparisonOperators\ComparisonOperators.vcxproj", "{4665404D-97C4-454F-893E-BE1B6CBE6200}"
EndProject
Project("{8BC9CEB8-8B4A-11D0-8D11-00A0C91BC942}") = "LogicalOperators", "..\LogicalOperators\LogicalOperators.vcxproj", "{79531F36-DBE4-440D-A59F-8F8CCA0E1052}"
EndProject
Project("{8BC9CEB8-8B4A-11D0-8D11-00A0C91BC942}") = "PointerKullanimi", "..\PointerKullanimi\PointerKullanimi.vcxproj", "{CE6475BC-4FB9-47A4-A7B0-92CB278638A6}"
EndProject
Project("{8BC9CEB8-8B4A-11D0-8D11-00A0C91BC942}") = "FonksiyonKullanimi", "..\FonksiyonKullanimi\FonksiyonKullanimi.vcxproj", "{6FD723C2-4F71-4518-BB6F-7D0293B139F6}"
EndProject
Project("{8BC9CEB8-8B4A-11D0-8D11-00A0C91BC942}") = "Derleme", "..\Derleme\Derleme.vcxproj", "{51764A7D-1019-42D0-A0F3-92A0FE5CE436}"
EndProject
Project("{8BC9CEB8-8B4A-11D0-8D11-00A0C91BC942}") = "ClassandObject", "..\ClassandObject\ClassandObject.vcxproj", "{C260F55B-4B07-434D-9762-9E57D5638609}"
EndProject
Project("{8BC9CEB8-8B4A-11D0-8D11-00A0C91BC942}") = "ClassandObject2", "..\ClassandObject2\ClassandObject2.vcxproj", "{FB8E8E00-B451-44B0-B90F-91362E3A1184}"
EndProject
Project("{8BC9CEB8-8B4A-11D0-8D11-00A0C91BC942}") = "ErisimBelirticileri", "..\ErisimBelirticileri\ErisimBelirticileri.vcxproj", "{A8993F5D-B92C-4E6E-B863-422875AF16F3}"
EndProject
Project("{8BC9CEB8-8B4A-11D0-8D11-00A0C91BC942}") = "VoidKavrami", "..\VoidKavrami\VoidKavrami.vcxproj", "{54355723-73BB-4FE0-B924-E63685A3318D}"
EndProject
Project("{8BC9CEB8-8B4A-11D0-8D11-00A0C91BC942}") = "DegiskenTipleri", "..\DegiskenTipleri\DegiskenTipleri.vcxproj", "{10B90BB4-BABD-47E8-959D-676D7F9CF65C}"
EndProject
Project("{8BC9CEB8-8B4A-11D0-8D11-00A0C91BC942}") = "Derleme2", "..\Derleme2\Derleme2.vcxproj", "{5DCBCC97-A11D-49D2-9BB4-36E279C7E30C}"
EndProject
Project("{8BC9CEB8-8B4A-11D0-8D11-00A0C91BC942}") = "DoubleandFloat", "..\DoubleandFloat\DoubleandFloat.vcxproj", "{1A3935E9-5D6A-4640-B82E-4561B60B32FF}"
EndProject
Project("{8BC9CEB8-8B4A-11D0-8D11-00A0C91BC942}") = "Ogrenci", "..\Ogrenci\Ogrenci.vcxproj", "{184D5201-199D-4F75-A176-8A6B76E9748D}"
EndProject
Project("{8BC9CEB8-8B4A-11D0-8D11-00A0C91BC942}") = "IfStateCond", "..\IfStateCond\IfStateCond.vcxproj", "{3B85F48D-D1B0-4D12-9B6F-41050BDC2085}"
EndProject
Project("{8BC9CEB8-8B4A-11D0-8D11-00A0C91BC942}") = "ElseState", "..\Elseİf\Elseİf.vcxproj", "{7FB0EE63-10ED-4709-989B-EE6BBF3DB9EE}"
EndProject
Project("{8BC9CEB8-8B4A-11D0-8D11-00A0C91BC942}") = "ElseifState", "..\ElseifState\ElseifState.vcxproj", "{F22E49DC-BF68-41E2-9F7D-CCFC4F98029F}"
EndProject
Project("{8BC9CEB8-8B4A-11D0-8D11-00A0C91BC942}") = "ShortIfElse", "..\ShortIfElse\ShortIfElse.vcxproj", "{5FED47FD-F7C6-4F53-9267-3615A24C7930}"
EndProject
Project("{8BC9CEB8-8B4A-11D0-8D11-00A0C91BC942}") = "Switch", "..\Switch\Switch.vcxproj", "{24D1855C-5AF0-4D0B-BCE6-EE87B74718B8}"
EndProject
Project("{8BC9CEB8-8B4A-11D0-8D11-00A0C91BC942}") = "Switch2", "..\Switch2\Switch2.vcxproj", "{9797CD87-2FE0-4CA4-8453-81B993EB5D7F}"
EndProject
Project("{8BC9CEB8-8B4A-11D0-8D11-00A0C91BC942}") = "IfHarfHesaplama", "..\IfHarfHesaplama\IfHarfHesaplama.vcxproj", "{DFA90115-8771-4535-B5B1-E5FC0F23280C}"
EndProject
Project("{8BC9CEB8-8B4A-11D0-8D11-00A0C91BC942}") = "WhileLoop", "..\WhileLoop\WhileLoop.vcxproj", "{8F4C4E47-FC63-4ECF-BD15-521AE078C106}"
EndProject
Project("{8BC9CEB8-8B4A-11D0-8D11-00A0C91BC942}") = "ForLoop", "..\ForLoop\ForLoop.vcxproj", "{A3BC2F2E-38F7-4169-ADB9-85CF1AFD7616}"
EndProject
Project("{8BC9CEB8-8B4A-11D0-8D11-00A0C91BC942}") = "Diziler1", "..\Diziler1\Diziler1.vcxproj", "{55CB7445-502D-46D4-BD18-31E7C386B1F0}"
EndProject
Project("{8BC9CEB8-8B4A-11D0-8D11-00A0C91BC942}") = "EQ", "..\EQ\EQ.vcxproj", "{BD9C8263-FE79-4E1C-A127-AB22CD32A478}"
EndProject
Project("{8BC9CEB8-8B4A-11D0-8D11-00A0C91BC942}") = "Arrays2", "..\Arrays2\Arrays2.vcxproj", "{4E8110F2-BDB7-4513-BC15-2502AD475D43}"
EndProject
Project("{8BC9CEB8-8B4A-11D0-8D11-00A0C91BC942}") = "Arrays3", "..\Arrays3\Arrays3.vcxproj", "{43473AC3-2E2B-4B7C-9E63-90B7A4C5A664}"
EndProject
Project("{8BC9CEB8-8B4A-11D0-8D11-00A0C91BC942}") = "Arrays4", "..\Arrays4\Arrays4.vcxproj", "{A2349325-4333-4EEF-B5FB-2F250E56DC38}"
EndProject
Project("{8BC9CEB8-8B4A-11D0-8D11-00A0C91BC942}") = "Arrays5", "..\Arrays5\Arrays5.vcxproj", "{3F19AB36-5F9B-4D92-8D5D-DA7F00C0E816}"
EndProject
Project("{8BC9CEB8-8B4A-11D0-8D11-00A0C91BC942}") = "ArraysDimensions", "..\ArraysDimensions\ArraysDimensions.vcxproj", "{F4F51BD3-0519-4C17-9736-1B83655E10A3}"
EndProject
Project("{8BC9CEB8-8B4A-11D0-8D11-00A0C91BC942}") = "Structures1", "..\Structures1\Structures1.vcxproj", "{5F8790F5-8193-4809-8F8B-ACFA678187CA}"
EndProject
Project("{8BC9CEB8-8B4A-11D0-8D11-00A0C91BC942}") = "Structures2", "..\Structures2\Structures2.vcxproj", "{DB9CE8E6-9DBA-4A54-BA9B-3765897822CE}"
EndProject
Project("{8BC9CEB8-8B4A-11D0-8D11-00A0C91BC942}") = "Structures3", "..\Structures3\Structures3.vcxproj", "{40E6916C-BD65-4790-B4A2-CDD5047AF971}"
EndProject
Project("{8BC9CEB8-8B4A-11D0-8D11-00A0C91BC942}") = "Structures4", "..\Structures4\Structures4.vcxproj", "{11CA8A68-C0C4-4B63-A211-F3A794B5574C}"
EndProject
Project("{8BC9CEB8-8B4A-11D0-8D11-00A0C91BC942}") = "Structures5", "..\Structures5\Structures5.vcxproj", "{8EC2BAA1-A0ED-4819-98E0-08EAC6098104}"
EndProject
Project("{8BC9CEB8-8B4A-11D0-8D11-00A0C91BC942}") = "Inheritance_Kalitim", "..\Inheritance_Kalitim\Inheritance_Kalitim.vcxproj", "{485CDECC-6CBD-4A7B-9379-CBC3098049D2}"
EndProject
Project("{8BC9CEB8-8B4A-11D0-8D11-00A0C91BC942}") = "MultiInheritance", "..\MultiInheritance\MultiInheritance.vcxproj", "{23D93406-A288-4110-A17B-3E51111B8B0E}"
EndProject
Project("{8BC9CEB8-8B4A-11D0-8D11-00A0C91BC942}") = "MultilevelInheritance", "..\MultilevelInheritance\MultilevelInheritance.vcxproj", "{476A203C-D2FB-450A-9C12-3603C67EFEFE}"
EndProject
Project("{8BC9CEB8-8B4A-11D0-8D11-00A0C91BC942}") = "Encapsulation_Kapsulleme", "..\Encapsulation_Kapsulleme\Encapsulation_Kapsulleme.vcxproj", "{A1C4A043-44C1-42AB-9925-97495355C771}"
EndProject
Project("{8BC9CEB8-8B4A-11D0-8D11-00A0C91BC942}") = "Try_catch", "..\Try_catch\Try_catch.vcxproj", "{23AE9CD9-2EE1-48AA-8DD7-20E10D34F6D1}"
EndProject
Project("{8BC9CEB8-8B4A-11D0-8D11-00A0C91BC942}") = "EnumerationD1", "EnumerationD1\EnumerationD1.vcxproj", "{68B28729-940A-474A-8B8C-F8B99CD5B2EE}"
EndProject
Project("{8BC9CEB8-8B4A-11D0-8D11-00A0C91BC942}") = "EnumerationD2", "EnumerationD2\EnumerationD2.vcxproj", "{F56E0B6D-3A3A-4BC3-B5D7-D5CA72D363AC}"
EndProject
Project("{8BC9CEB8-8B4A-11D0-8D11-00A0C91BC942}") = "EnumerationD3", "EnumerationD3\EnumerationD3.vcxproj", "{1701EE81-7A1B-427E-8F6D-7DA0D162AE1D}"
EndProject
Project("{8BC9CEB8-8B4A-11D0-8D11-00A0C91BC942}") = "typedefKullanimi", "typedefKullanimi\typedefKullanimi.vcxproj", "{0F401401-0F15-42CC-8409-D7A189C8257A}"
EndProject
Project("{8BC9CEB8-8B4A-11D0-8D11-00A0C91BC942}") = "typedefKullanimi2", "typedefKullanimi2\typedefKullanimi2.vcxproj", "{9A98AF26-27E4-4C99-84FE-CD6A609D6994}"
EndProject
Project("{8BC9CEB8-8B4A-11D0-8D11-00A0C91BC942}") = "Matematik", "Matematik\Matematik.vcxproj", "{EC864F80-C4B7-495A-9590-3B31C0F6C065}"
EndProject
Project("{8BC9CEB8-8B4A-11D0-8D11-00A0C91BC942}") = "Arrays1", "Arrays1\Arrays1.vcxproj", "{CAF2411D-481D-4F10-BA13-05D0C1F5FDAF}"
EndProject
Project("{8BC9CEB8-8B4A-11D0-8D11-00A0C91BC942}") = "DoWhile", "DoWhile\DoWhile.vcxproj", "{390E54B1-BB9A-406B-BF30-A28BD3BEFF50}"
EndProject
Project("{8BC9CEB8-8B4A-11D0-8D11-00A0C91BC942}") = "ForLoop2", "ForLoop2\ForLoop2.vcxproj", "{8B375086-1D3E-49BD-BC01-C3F3B76EAFB5}"
EndProject
Project("{8BC9CEB8-8B4A-11D0-8D11-00A0C91BC942}") = "SumofTwoArrays", "SumofTwoArrays\SumofTwoArrays.vcxproj", "{EF086777-A9DE-4F0D-B379-F926BF1E738A}"
EndProject
Project("{8BC9CEB8-8B4A-11D0-8D11-00A0C91BC942}") = "ElseIfExample", "ElseIfExample\ElseIfExample.vcxproj", "{57F1EE4E-6EC3-4946-B001-735F1E23F3B5}"
EndProject
Project("{8BC9CEB8-8B4A-11D0-8D11-00A0C91BC942}") = "ElseIfExample3", "ElseIfExample3\ElseIfExample3.vcxproj", "{6D1B20FC-F290-4B54-BAB8-F9EA6D2436AA}"
EndProject
Project("{8BC9CEB8-8B4A-11D0-8D11-00A0C91BC942}") = "IfOperators", "IfOperators\IfOperators.vcxproj", "{E68B7320-7C33-4132-8FC9-EED929AC2A8E}"
EndProject
Project("{8BC9CEB8-8B4A-11D0-8D11-00A0C91BC942}") = "AsalSayi", "AsalSayi\AsalSayi.vcxproj", "{638E2D23-1198-4D4B-8280-7B4EAF769D7A}"
EndProject
Project("{8BC9CEB8-8B4A-11D0-8D11-00A0C91BC942}") = "CarpimTablosu", "CarpimTablosu\CarpimTablosu.vcxproj", "{481E81DA-B8C1-4D55-9ADC-7026AF1A018D}"
EndProject
Project("{8BC9CEB8-8B4A-11D0-8D11-00A0C91BC942}") = "ExercisesFor", "ExercisesFor\ExercisesFor.vcxproj", "{1D044396-26C8-4F06-B231-3264D2DB0F9B}"
EndProject
Project("{8BC9CEB8-8B4A-11D0-8D11-00A0C91BC942}") = "FonksiyonDizi", "FonksiyonDizi\FonksiyonDizi.vcxproj", "{02B6D396-D9A1-459F-87A9-2245C0346E9E}"
EndProject
Project("{8BC9CEB8-8B4A-11D0-8D11-00A0C91BC942}") = "ArrayFillCin", "ArrayFillCin\ArrayFillCin.vcxproj", "{F4D607F5-8164-4F3A-BEAA-162FB546B453}"
EndProject
Project("{8BC9CEB8-8B4A-11D0-8D11-00A0C91BC942}") = "Fibonacci", "Fibonacci\Fibonacci.vcxproj", "{DBF8E4E1-17B1-4288-B4F8-59B0BD4FA09A}"
EndProject
Project("{8BC9CEB8-8B4A-11D0-8D11-00A0C91BC942}") = "KareBul", "KareBul\KareBul.vcxproj", "{35B6B59A-CFAA-4816-988F-CD9E2C465AB5}"
EndProject
Project("{8BC9CEB8-8B4A-11D0-8D11-00A0C91BC942}") = "StringCharArrays", "StringCharArrays\StringCharArrays.vcxproj", "{C1A3E96E-EC01-4D46-8D75-02A9A998C620}"
EndProject
Project("{8BC9CEB8-8B4A-11D0-8D11-00A0C91BC942}") = "CharDiziyiDoldurma", "CharDiziyiDoldurma\CharDiziyiDoldurma.vcxproj", "{A5F7E0BF-B178-4664-8EF5-4B807D6441B0}"
EndProject
Project("{8BC9CEB8-8B4A-11D0-8D11-00A0C91BC942}") = "StringCharSorusu", "StringCharSorusu\StringCharSorusu.vcxproj", "{35ED73CD-094D-4B88-9300-6530920507B2}"
EndProject
Project("{8BC9CEB8-8B4A-11D0-8D11-00A0C91BC942}") = "AsalSayi2", "AsalSayi2\AsalSayi2.vcxproj", "{6F73B78E-6AFE-4524-B73A-1541C90FC257}"
EndProject
Project("{8BC9CEB8-8B4A-11D0-8D11-00A0C91BC942}") = "Pointers2", "Pointers2\Pointers2.vcxproj", "{AFDD8269-6B62-4F13-9458-3B094860F46C}"
EndProject
Project("{8BC9CEB8-8B4A-11D0-8D11-00A0C91BC942}") = "PointersArrays", "PointersArrays\PointersArrays.vcxproj", "{382235FF-AF33-4513-8A86-A059C46A27E3}"
EndProject
Project("{8BC9CEB8-8B4A-11D0-8D11-00A0C91BC942}") = "PointerQs", "PointerQs\PointerQs.vcxproj", "{D5D606BF-CF97-4993-AA70-EE84B698BDE8}"
EndProject
Project("{8BC9CEB8-8B4A-11D0-8D11-00A0C91BC942}") = "FonksiyonAtama", "FonksiyonAtama\FonksiyonAtama.vcxproj", "{228FA4B2-196E-40D9-BAC9-19F4E1935687}"
EndProject
Project("{8BC9CEB8-8B4A-11D0-8D11-00A0C91BC942}") = "PointerKullanimi2", "PointerKullanimi2\PointerKullanimi2.vcxproj", "{9D467CA2-B775-49B6-B246-854EDCF244AD}"
EndProject
Project("{8BC9CEB8-8B4A-11D0-8D11-00A0C91BC942}") = "PointerKullanimi3", "PointerKullanimi3\PointerKullanimi3.vcxproj", "{89803AAF-30D5-4268-8BA3-5B85A81ED8CC}"
EndProject
Project("{8BC9CEB8-8B4A-11D0-8D11-00A0C91BC942}") = "BubbleShort", "BubbleShort\BubbleShort.vcxproj", "{87A58FAF-4421-45B1-B2BE-073F9EB8B545}"
EndProject
Project("{8BC9CEB8-8B4A-11D0-8D11-00A0C91BC942}") = "GirilenSayilariTopla", "GirilenSayilariTopla\GirilenSayilariTopla.vcxproj", "{43ECC56E-03EB-4053-8394-8770A3439D9D}"
EndProject
Project("{8BC9CEB8-8B4A-11D0-8D11-00A0C91BC942}") = "SilindirHacmiHesaplama", "SilindirHacmiHesaplama\SilindirHacmiHesaplama.vcxproj", "{580FA112-6560-422F-81C0-101D2AFB71F7}"
EndProject
Project("{8BC9CEB8-8B4A-11D0-8D11-00A0C91BC942}") = "Fonksiyonlar_Genel", "Fonksiyonlar_Genel\Fonksiyonlar_Genel.vcxproj", "{B2FB8E73-8FB2-45A7-839A-2E1CAEEB142B}"
EndProject
Project("{8BC9CEB8-8B4A-11D0-8D11-00A0C91BC942}") = "Arrays1_2", "Arrays1_2\Arrays1_2.vcxproj", "{97707E21-E66D-4635-AD6E-3057A5EE70FA}"
EndProject
Project("{8BC9CEB8-8B4A-11D0-8D11-00A0C91BC942}") = "IfOperators2", "IfOperators2\IfOperators2.vcxproj", "{636B60C7-518C-4277-9410-7F7356053F59}"
EndProject
Project("{8BC9CEB8-8B4A-11D0-8D11-00A0C91BC942}") = "ClassObject3", "ClassObject3\ClassObject3.vcxproj", "{0FD804AE-5AE0-4748-A256-F44CA572D619}"
EndProject
Project("{8BC9CEB8-8B4A-11D0-8D11-00A0C91BC942}") = "Constructor", "Constructor\Constructor.vcxproj", "{DC2EAAF3-01B8-4ED2-A71C-A4ED5074EC0C}"
EndProject
Project("{8BC9CEB8-8B4A-11D0-8D11-00A0C91BC942}") = "AccessSpecifiers", "AccessSpecifiers\AccessSpecifiers.vcxproj", "{2C7F45D1-B8AE-42E5-941F-54389E4A2794}"
EndProject
Project("{8BC9CEB8-8B4A-11D0-8D11-00A0C91BC942}") = "NotHesaplayanSınıf", "NotHesaplayanSınıf\NotHesaplayanSınıf.vcxproj", "{EFD1CA2C-4CF9-477A-8861-1306D8D9A26A}"
EndProject
Project("{8BC9CEB8-8B4A-11D0-8D11-00A0C91BC942}") = "ClassOrnek", "ClassOrnek\ClassOrnek.vcxproj", "{5EF2F0BF-10DB-4BC0-B8AF-235E162CC4CA}"
EndProject
Project("{8BC9CEB8-8B4A-11D0-8D11-00A0C91BC942}") = "ClassPersonel", "ClassPersonel\ClassPersonel.vcxproj", "{B241B630-142A-4316-B0CE-2B8B246A7BA3}"
EndProject
Global
	GlobalSection(SolutionConfigurationPlatforms) = preSolution
		Debug|x64 = Debug|x64
		Debug|x86 = Debug|x86
		Release|x64 = Release|x64
		Release|x86 = Release|x86
	EndGlobalSection
	GlobalSection(ProjectConfigurationPlatforms) = postSolution
		{E849A312-63D8-4A0E-A768-54F6EF286A02}.Debug|x64.ActiveCfg = Debug|x64
		{E849A312-63D8-4A0E-A768-54F6EF286A02}.Debug|x64.Build.0 = Debug|x64
		{E849A312-63D8-4A0E-A768-54F6EF286A02}.Debug|x86.ActiveCfg = Debug|Win32
		{E849A312-63D8-4A0E-A768-54F6EF286A02}.Debug|x86.Build.0 = Debug|Win32
		{E849A312-63D8-4A0E-A768-54F6EF286A02}.Release|x64.ActiveCfg = Release|x64
		{E849A312-63D8-4A0E-A768-54F6EF286A02}.Release|x64.Build.0 = Release|x64
		{E849A312-63D8-4A0E-A768-54F6EF286A02}.Release|x86.ActiveCfg = Release|Win32
		{E849A312-63D8-4A0E-A768-54F6EF286A02}.Release|x86.Build.0 = Release|Win32
		{DD5781E3-F3FB-44C2-882F-2D6841C1DF56}.Debug|x64.ActiveCfg = Debug|x64
		{DD5781E3-F3FB-44C2-882F-2D6841C1DF56}.Debug|x64.Build.0 = Debug|x64
		{DD5781E3-F3FB-44C2-882F-2D6841C1DF56}.Debug|x86.ActiveCfg = Debug|Win32
		{DD5781E3-F3FB-44C2-882F-2D6841C1DF56}.Debug|x86.Build.0 = Debug|Win32
		{DD5781E3-F3FB-44C2-882F-2D6841C1DF56}.Release|x64.ActiveCfg = Release|x64
		{DD5781E3-F3FB-44C2-882F-2D6841C1DF56}.Release|x64.Build.0 = Release|x64
		{DD5781E3-F3FB-44C2-882F-2D6841C1DF56}.Release|x86.ActiveCfg = Release|Win32
		{DD5781E3-F3FB-44C2-882F-2D6841C1DF56}.Release|x86.Build.0 = Release|Win32
		{4ED1B753-44F9-43B8-8243-6FE0A71E71E0}.Debug|x64.ActiveCfg = Debug|x64
		{4ED1B753-44F9-43B8-8243-6FE0A71E71E0}.Debug|x64.Build.0 = Debug|x64
		{4ED1B753-44F9-43B8-8243-6FE0A71E71E0}.Debug|x86.ActiveCfg = Debug|Win32
		{4ED1B753-44F9-43B8-8243-6FE0A71E71E0}.Debug|x86.Build.0 = Debug|Win32
		{4ED1B753-44F9-43B8-8243-6FE0A71E71E0}.Release|x64.ActiveCfg = Release|x64
		{4ED1B753-44F9-43B8-8243-6FE0A71E71E0}.Release|x64.Build.0 = Release|x64
		{4ED1B753-44F9-43B8-8243-6FE0A71E71E0}.Release|x86.ActiveCfg = Release|Win32
		{4ED1B753-44F9-43B8-8243-6FE0A71E71E0}.Release|x86.Build.0 = Release|Win32
		{F6AEA3B7-8365-4A03-92C8-9492ECBFA7CB}.Debug|x64.ActiveCfg = Debug|x64
		{F6AEA3B7-8365-4A03-92C8-9492ECBFA7CB}.Debug|x64.Build.0 = Debug|x64
		{F6AEA3B7-8365-4A03-92C8-9492ECBFA7CB}.Debug|x86.ActiveCfg = Debug|Win32
		{F6AEA3B7-8365-4A03-92C8-9492ECBFA7CB}.Debug|x86.Build.0 = Debug|Win32
		{F6AEA3B7-8365-4A03-92C8-9492ECBFA7CB}.Release|x64.ActiveCfg = Release|x64
		{F6AEA3B7-8365-4A03-92C8-9492ECBFA7CB}.Release|x64.Build.0 = Release|x64
		{F6AEA3B7-8365-4A03-92C8-9492ECBFA7CB}.Release|x86.ActiveCfg = Release|Win32
		{F6AEA3B7-8365-4A03-92C8-9492ECBFA7CB}.Release|x86.Build.0 = Release|Win32
		{D865D371-DCF4-4DAB-B861-24C2566077B5}.Debug|x64.ActiveCfg = Debug|x64
		{D865D371-DCF4-4DAB-B861-24C2566077B5}.Debug|x64.Build.0 = Debug|x64
		{D865D371-DCF4-4DAB-B861-24C2566077B5}.Debug|x86.ActiveCfg = Debug|Win32
		{D865D371-DCF4-4DAB-B861-24C2566077B5}.Debug|x86.Build.0 = Debug|Win32
		{D865D371-DCF4-4DAB-B861-24C2566077B5}.Release|x64.ActiveCfg = Release|x64
		{D865D371-DCF4-4DAB-B861-24C2566077B5}.Release|x64.Build.0 = Release|x64
		{D865D371-DCF4-4DAB-B861-24C2566077B5}.Release|x86.ActiveCfg = Release|Win32
		{D865D371-DCF4-4DAB-B861-24C2566077B5}.Release|x86.Build.0 = Release|Win32
		{4665404D-97C4-454F-893E-BE1B6CBE6200}.Debug|x64.ActiveCfg = Debug|x64
		{4665404D-97C4-454F-893E-BE1B6CBE6200}.Debug|x64.Build.0 = Debug|x64
		{4665404D-97C4-454F-893E-BE1B6CBE6200}.Debug|x86.ActiveCfg = Debug|Win32
		{4665404D-97C4-454F-893E-BE1B6CBE6200}.Debug|x86.Build.0 = Debug|Win32
		{4665404D-97C4-454F-893E-BE1B6CBE6200}.Release|x64.ActiveCfg = Release|x64
		{4665404D-97C4-454F-893E-BE1B6CBE6200}.Release|x64.Build.0 = Release|x64
		{4665404D-97C4-454F-893E-BE1B6CBE6200}.Release|x86.ActiveCfg = Release|Win32
		{4665404D-97C4-454F-893E-BE1B6CBE6200}.Release|x86.Build.0 = Release|Win32
		{79531F36-DBE4-440D-A59F-8F8CCA0E1052}.Debug|x64.ActiveCfg = Debug|x64
		{79531F36-DBE4-440D-A59F-8F8CCA0E1052}.Debug|x64.Build.0 = Debug|x64
		{79531F36-DBE4-440D-A59F-8F8CCA0E1052}.Debug|x86.ActiveCfg = Debug|Win32
		{79531F36-DBE4-440D-A59F-8F8CCA0E1052}.Debug|x86.Build.0 = Debug|Win32
		{79531F36-DBE4-440D-A59F-8F8CCA0E1052}.Release|x64.ActiveCfg = Release|x64
		{79531F36-DBE4-440D-A59F-8F8CCA0E1052}.Release|x64.Build.0 = Release|x64
		{79531F36-DBE4-440D-A59F-8F8CCA0E1052}.Release|x86.ActiveCfg = Release|Win32
		{79531F36-DBE4-440D-A59F-8F8CCA0E1052}.Release|x86.Build.0 = Release|Win32
		{CE6475BC-4FB9-47A4-A7B0-92CB278638A6}.Debug|x64.ActiveCfg = Debug|x64
		{CE6475BC-4FB9-47A4-A7B0-92CB278638A6}.Debug|x64.Build.0 = Debug|x64
		{CE6475BC-4FB9-47A4-A7B0-92CB278638A6}.Debug|x86.ActiveCfg = Debug|Win32
		{CE6475BC-4FB9-47A4-A7B0-92CB278638A6}.Debug|x86.Build.0 = Debug|Win32
		{CE6475BC-4FB9-47A4-A7B0-92CB278638A6}.Release|x64.ActiveCfg = Release|x64
		{CE6475BC-4FB9-47A4-A7B0-92CB278638A6}.Release|x64.Build.0 = Release|x64
		{CE6475BC-4FB9-47A4-A7B0-92CB278638A6}.Release|x86.ActiveCfg = Release|Win32
		{CE6475BC-4FB9-47A4-A7B0-92CB278638A6}.Release|x86.Build.0 = Release|Win32
		{6FD723C2-4F71-4518-BB6F-7D0293B139F6}.Debug|x64.ActiveCfg = Debug|x64
		{6FD723C2-4F71-4518-BB6F-7D0293B139F6}.Debug|x64.Build.0 = Debug|x64
		{6FD723C2-4F71-4518-BB6F-7D0293B139F6}.Debug|x86.ActiveCfg = Debug|Win32
		{6FD723C2-4F71-4518-BB6F-7D0293B139F6}.Debug|x86.Build.0 = Debug|Win32
		{6FD723C2-4F71-4518-BB6F-7D0293B139F6}.Release|x64.ActiveCfg = Release|x64
		{6FD723C2-4F71-4518-BB6F-7D0293B139F6}.Release|x64.Build.0 = Release|x64
		{6FD723C2-4F71-4518-BB6F-7D0293B139F6}.Release|x86.ActiveCfg = Release|Win32
		{6FD723C2-4F71-4518-BB6F-7D0293B139F6}.Release|x86.Build.0 = Release|Win32
		{51764A7D-1019-42D0-A0F3-92A0FE5CE436}.Debug|x64.ActiveCfg = Debug|x64
		{51764A7D-1019-42D0-A0F3-92A0FE5CE436}.Debug|x64.Build.0 = Debug|x64
		{51764A7D-1019-42D0-A0F3-92A0FE5CE436}.Debug|x86.ActiveCfg = Debug|Win32
		{51764A7D-1019-42D0-A0F3-92A0FE5CE436}.Debug|x86.Build.0 = Debug|Win32
		{51764A7D-1019-42D0-A0F3-92A0FE5CE436}.Release|x64.ActiveCfg = Release|x64
		{51764A7D-1019-42D0-A0F3-92A0FE5CE436}.Release|x64.Build.0 = Release|x64
		{51764A7D-1019-42D0-A0F3-92A0FE5CE436}.Release|x86.ActiveCfg = Release|Win32
		{51764A7D-1019-42D0-A0F3-92A0FE5CE436}.Release|x86.Build.0 = Release|Win32
		{C260F55B-4B07-434D-9762-9E57D5638609}.Debug|x64.ActiveCfg = Debug|x64
		{C260F55B-4B07-434D-9762-9E57D5638609}.Debug|x64.Build.0 = Debug|x64
		{C260F55B-4B07-434D-9762-9E57D5638609}.Debug|x86.ActiveCfg = Debug|Win32
		{C260F55B-4B07-434D-9762-9E57D5638609}.Debug|x86.Build.0 = Debug|Win32
		{C260F55B-4B07-434D-9762-9E57D5638609}.Release|x64.ActiveCfg = Release|x64
		{C260F55B-4B07-434D-9762-9E57D5638609}.Release|x64.Build.0 = Release|x64
		{C260F55B-4B07-434D-9762-9E57D5638609}.Release|x86.ActiveCfg = Release|Win32
		{C260F55B-4B07-434D-9762-9E57D5638609}.Release|x86.Build.0 = Release|Win32
		{FB8E8E00-B451-44B0-B90F-91362E3A1184}.Debug|x64.ActiveCfg = Debug|x64
		{FB8E8E00-B451-44B0-B90F-91362E3A1184}.Debug|x64.Build.0 = Debug|x64
		{FB8E8E00-B451-44B0-B90F-91362E3A1184}.Debug|x86.ActiveCfg = Debug|Win32
		{FB8E8E00-B451-44B0-B90F-91362E3A1184}.Debug|x86.Build.0 = Debug|Win32
		{FB8E8E00-B451-44B0-B90F-91362E3A1184}.Release|x64.ActiveCfg = Release|x64
		{FB8E8E00-B451-44B0-B90F-91362E3A1184}.Release|x64.Build.0 = Release|x64
		{FB8E8E00-B451-44B0-B90F-91362E3A1184}.Release|x86.ActiveCfg = Release|Win32
		{FB8E8E00-B451-44B0-B90F-91362E3A1184}.Release|x86.Build.0 = Release|Win32
		{A8993F5D-B92C-4E6E-B863-422875AF16F3}.Debug|x64.ActiveCfg = Debug|x64
		{A8993F5D-B92C-4E6E-B863-422875AF16F3}.Debug|x64.Build.0 = Debug|x64
		{A8993F5D-B92C-4E6E-B863-422875AF16F3}.Debug|x86.ActiveCfg = Debug|Win32
		{A8993F5D-B92C-4E6E-B863-422875AF16F3}.Debug|x86.Build.0 = Debug|Win32
		{A8993F5D-B92C-4E6E-B863-422875AF16F3}.Release|x64.ActiveCfg = Release|x64
		{A8993F5D-B92C-4E6E-B863-422875AF16F3}.Release|x64.Build.0 = Release|x64
		{A8993F5D-B92C-4E6E-B863-422875AF16F3}.Release|x86.ActiveCfg = Release|Win32
		{A8993F5D-B92C-4E6E-B863-422875AF16F3}.Release|x86.Build.0 = Release|Win32
		{54355723-73BB-4FE0-B924-E63685A3318D}.Debug|x64.ActiveCfg = Debug|x64
		{54355723-73BB-4FE0-B924-E63685A3318D}.Debug|x64.Build.0 = Debug|x64
		{54355723-73BB-4FE0-B924-E63685A3318D}.Debug|x86.ActiveCfg = Debug|Win32
		{54355723-73BB-4FE0-B924-E63685A3318D}.Debug|x86.Build.0 = Debug|Win32
		{54355723-73BB-4FE0-B924-E63685A3318D}.Release|x64.ActiveCfg = Release|x64
		{54355723-73BB-4FE0-B924-E63685A3318D}.Release|x64.Build.0 = Release|x64
		{54355723-73BB-4FE0-B924-E63685A3318D}.Release|x86.ActiveCfg = Release|Win32
		{54355723-73BB-4FE0-B924-E63685A3318D}.Release|x86.Build.0 = Release|Win32
		{10B90BB4-BABD-47E8-959D-676D7F9CF65C}.Debug|x64.ActiveCfg = Debug|x64
		{10B90BB4-BABD-47E8-959D-676D7F9CF65C}.Debug|x64.Build.0 = Debug|x64
		{10B90BB4-BABD-47E8-959D-676D7F9CF65C}.Debug|x86.ActiveCfg = Debug|Win32
		{10B90BB4-BABD-47E8-959D-676D7F9CF65C}.Debug|x86.Build.0 = Debug|Win32
		{10B90BB4-BABD-47E8-959D-676D7F9CF65C}.Release|x64.ActiveCfg = Release|x64
		{10B90BB4-BABD-47E8-959D-676D7F9CF65C}.Release|x64.Build.0 = Release|x64
		{10B90BB4-BABD-47E8-959D-676D7F9CF65C}.Release|x86.ActiveCfg = Release|Win32
		{10B90BB4-BABD-47E8-959D-676D7F9CF65C}.Release|x86.Build.0 = Release|Win32
		{5DCBCC97-A11D-49D2-9BB4-36E279C7E30C}.Debug|x64.ActiveCfg = Debug|x64
		{5DCBCC97-A11D-49D2-9BB4-36E279C7E30C}.Debug|x64.Build.0 = Debug|x64
		{5DCBCC97-A11D-49D2-9BB4-36E279C7E30C}.Debug|x86.ActiveCfg = Debug|Win32
		{5DCBCC97-A11D-49D2-9BB4-36E279C7E30C}.Debug|x86.Build.0 = Debug|Win32
		{5DCBCC97-A11D-49D2-9BB4-36E279C7E30C}.Release|x64.ActiveCfg = Release|x64
		{5DCBCC97-A11D-49D2-9BB4-36E279C7E30C}.Release|x64.Build.0 = Release|x64
		{5DCBCC97-A11D-49D2-9BB4-36E279C7E30C}.Release|x86.ActiveCfg = Release|Win32
		{5DCBCC97-A11D-49D2-9BB4-36E279C7E30C}.Release|x86.Build.0 = Release|Win32
		{1A3935E9-5D6A-4640-B82E-4561B60B32FF}.Debug|x64.ActiveCfg = Debug|x64
		{1A3935E9-5D6A-4640-B82E-4561B60B32FF}.Debug|x64.Build.0 = Debug|x64
		{1A3935E9-5D6A-4640-B82E-4561B60B32FF}.Debug|x86.ActiveCfg = Debug|Win32
		{1A3935E9-5D6A-4640-B82E-4561B60B32FF}.Debug|x86.Build.0 = Debug|Win32
		{1A3935E9-5D6A-4640-B82E-4561B60B32FF}.Release|x64.ActiveCfg = Release|x64
		{1A3935E9-5D6A-4640-B82E-4561B60B32FF}.Release|x64.Build.0 = Release|x64
		{1A3935E9-5D6A-4640-B82E-4561B60B32FF}.Release|x86.ActiveCfg = Release|Win32
		{1A3935E9-5D6A-4640-B82E-4561B60B32FF}.Release|x86.Build.0 = Release|Win32
		{184D5201-199D-4F75-A176-8A6B76E9748D}.Debug|x64.ActiveCfg = Debug|x64
		{184D5201-199D-4F75-A176-8A6B76E9748D}.Debug|x64.Build.0 = Debug|x64
		{184D5201-199D-4F75-A176-8A6B76E9748D}.Debug|x86.ActiveCfg = Debug|Win32
		{184D5201-199D-4F75-A176-8A6B76E9748D}.Debug|x86.Build.0 = Debug|Win32
		{184D5201-199D-4F75-A176-8A6B76E9748D}.Release|x64.ActiveCfg = Release|x64
		{184D5201-199D-4F75-A176-8A6B76E9748D}.Release|x64.Build.0 = Release|x64
		{184D5201-199D-4F75-A176-8A6B76E9748D}.Release|x86.ActiveCfg = Release|Win32
		{184D5201-199D-4F75-A176-8A6B76E9748D}.Release|x86.Build.0 = Release|Win32
		{3B85F48D-D1B0-4D12-9B6F-41050BDC2085}.Debug|x64.ActiveCfg = Debug|x64
		{3B85F48D-D1B0-4D12-9B6F-41050BDC2085}.Debug|x64.Build.0 = Debug|x64
		{3B85F48D-D1B0-4D12-9B6F-41050BDC2085}.Debug|x86.ActiveCfg = Debug|Win32
		{3B85F48D-D1B0-4D12-9B6F-41050BDC2085}.Debug|x86.Build.0 = Debug|Win32
		{3B85F48D-D1B0-4D12-9B6F-41050BDC2085}.Release|x64.ActiveCfg = Release|x64
		{3B85F48D-D1B0-4D12-9B6F-41050BDC2085}.Release|x64.Build.0 = Release|x64
		{3B85F48D-D1B0-4D12-9B6F-41050BDC2085}.Release|x86.ActiveCfg = Release|Win32
		{3B85F48D-D1B0-4D12-9B6F-41050BDC2085}.Release|x86.Build.0 = Release|Win32
		{7FB0EE63-10ED-4709-989B-EE6BBF3DB9EE}.Debug|x64.ActiveCfg = Debug|x64
		{7FB0EE63-10ED-4709-989B-EE6BBF3DB9EE}.Debug|x64.Build.0 = Debug|x64
		{7FB0EE63-10ED-4709-989B-EE6BBF3DB9EE}.Debug|x86.ActiveCfg = Debug|Win32
		{7FB0EE63-10ED-4709-989B-EE6BBF3DB9EE}.Debug|x86.Build.0 = Debug|Win32
		{7FB0EE63-10ED-4709-989B-EE6BBF3DB9EE}.Release|x64.ActiveCfg = Release|x64
		{7FB0EE63-10ED-4709-989B-EE6BBF3DB9EE}.Release|x64.Build.0 = Release|x64
		{7FB0EE63-10ED-4709-989B-EE6BBF3DB9EE}.Release|x86.ActiveCfg = Release|Win32
		{7FB0EE63-10ED-4709-989B-EE6BBF3DB9EE}.Release|x86.Build.0 = Release|Win32
		{F22E49DC-BF68-41E2-9F7D-CCFC4F98029F}.Debug|x64.ActiveCfg = Debug|x64
		{F22E49DC-BF68-41E2-9F7D-CCFC4F98029F}.Debug|x64.Build.0 = Debug|x64
		{F22E49DC-BF68-41E2-9F7D-CCFC4F98029F}.Debug|x86.ActiveCfg = Debug|Win32
		{F22E49DC-BF68-41E2-9F7D-CCFC4F98029F}.Debug|x86.Build.0 = Debug|Win32
		{F22E49DC-BF68-41E2-9F7D-CCFC4F98029F}.Release|x64.ActiveCfg = Release|x64
		{F22E49DC-BF68-41E2-9F7D-CCFC4F98029F}.Release|x64.Build.0 = Release|x64
		{F22E49DC-BF68-41E2-9F7D-CCFC4F98029F}.Release|x86.ActiveCfg = Release|Win32
		{F22E49DC-BF68-41E2-9F7D-CCFC4F98029F}.Release|x86.Build.0 = Release|Win32
		{5FED47FD-F7C6-4F53-9267-3615A24C7930}.Debug|x64.ActiveCfg = Debug|x64
		{5FED47FD-F7C6-4F53-9267-3615A24C7930}.Debug|x64.Build.0 = Debug|x64
		{5FED47FD-F7C6-4F53-9267-3615A24C7930}.Debug|x86.ActiveCfg = Debug|Win32
		{5FED47FD-F7C6-4F53-9267-3615A24C7930}.Debug|x86.Build.0 = Debug|Win32
		{5FED47FD-F7C6-4F53-9267-3615A24C7930}.Release|x64.ActiveCfg = Release|x64
		{5FED47FD-F7C6-4F53-9267-3615A24C7930}.Release|x64.Build.0 = Release|x64
		{5FED47FD-F7C6-4F53-9267-3615A24C7930}.Release|x86.ActiveCfg = Release|Win32
		{5FED47FD-F7C6-4F53-9267-3615A24C7930}.Release|x86.Build.0 = Release|Win32
		{24D1855C-5AF0-4D0B-BCE6-EE87B74718B8}.Debug|x64.ActiveCfg = Debug|x64
		{24D1855C-5AF0-4D0B-BCE6-EE87B74718B8}.Debug|x64.Build.0 = Debug|x64
		{24D1855C-5AF0-4D0B-BCE6-EE87B74718B8}.Debug|x86.ActiveCfg = Debug|Win32
		{24D1855C-5AF0-4D0B-BCE6-EE87B74718B8}.Debug|x86.Build.0 = Debug|Win32
		{24D1855C-5AF0-4D0B-BCE6-EE87B74718B8}.Release|x64.ActiveCfg = Release|x64
		{24D1855C-5AF0-4D0B-BCE6-EE87B74718B8}.Release|x64.Build.0 = Release|x64
		{24D1855C-5AF0-4D0B-BCE6-EE87B74718B8}.Release|x86.ActiveCfg = Release|Win32
		{24D1855C-5AF0-4D0B-BCE6-EE87B74718B8}.Release|x86.Build.0 = Release|Win32
		{9797CD87-2FE0-4CA4-8453-81B993EB5D7F}.Debug|x64.ActiveCfg = Debug|x64
		{9797CD87-2FE0-4CA4-8453-81B993EB5D7F}.Debug|x64.Build.0 = Debug|x64
		{9797CD87-2FE0-4CA4-8453-81B993EB5D7F}.Debug|x86.ActiveCfg = Debug|Win32
		{9797CD87-2FE0-4CA4-8453-81B993EB5D7F}.Debug|x86.Build.0 = Debug|Win32
		{9797CD87-2FE0-4CA4-8453-81B993EB5D7F}.Release|x64.ActiveCfg = Release|x64
		{9797CD87-2FE0-4CA4-8453-81B993EB5D7F}.Release|x64.Build.0 = Release|x64
		{9797CD87-2FE0-4CA4-8453-81B993EB5D7F}.Release|x86.ActiveCfg = Release|Win32
		{9797CD87-2FE0-4CA4-8453-81B993EB5D7F}.Release|x86.Build.0 = Release|Win32
		{DFA90115-8771-4535-B5B1-E5FC0F23280C}.Debug|x64.ActiveCfg = Debug|x64
		{DFA90115-8771-4535-B5B1-E5FC0F23280C}.Debug|x64.Build.0 = Debug|x64
		{DFA90115-8771-4535-B5B1-E5FC0F23280C}.Debug|x86.ActiveCfg = Debug|Win32
		{DFA90115-8771-4535-B5B1-E5FC0F23280C}.Debug|x86.Build.0 = Debug|Win32
		{DFA90115-8771-4535-B5B1-E5FC0F23280C}.Release|x64.ActiveCfg = Release|x64
		{DFA90115-8771-4535-B5B1-E5FC0F23280C}.Release|x64.Build.0 = Release|x64
		{DFA90115-8771-4535-B5B1-E5FC0F23280C}.Release|x86.ActiveCfg = Release|Win32
		{DFA90115-8771-4535-B5B1-E5FC0F23280C}.Release|x86.Build.0 = Release|Win32
		{8F4C4E47-FC63-4ECF-BD15-521AE078C106}.Debug|x64.ActiveCfg = Debug|x64
		{8F4C4E47-FC63-4ECF-BD15-521AE078C106}.Debug|x64.Build.0 = Debug|x64
		{8F4C4E47-FC63-4ECF-BD15-521AE078C106}.Debug|x86.ActiveCfg = Debug|Win32
		{8F4C4E47-FC63-4ECF-BD15-521AE078C106}.Debug|x86.Build.0 = Debug|Win32
		{8F4C4E47-FC63-4ECF-BD15-521AE078C106}.Release|x64.ActiveCfg = Release|x64
		{8F4C4E47-FC63-4ECF-BD15-521AE078C106}.Release|x64.Build.0 = Release|x64
		{8F4C4E47-FC63-4ECF-BD15-521AE078C106}.Release|x86.ActiveCfg = Release|Win32
		{8F4C4E47-FC63-4ECF-BD15-521AE078C106}.Release|x86.Build.0 = Release|Win32
		{A3BC2F2E-38F7-4169-ADB9-85CF1AFD7616}.Debug|x64.ActiveCfg = Debug|x64
		{A3BC2F2E-38F7-4169-ADB9-85CF1AFD7616}.Debug|x64.Build.0 = Debug|x64
		{A3BC2F2E-38F7-4169-ADB9-85CF1AFD7616}.Debug|x86.ActiveCfg = Debug|Win32
		{A3BC2F2E-38F7-4169-ADB9-85CF1AFD7616}.Debug|x86.Build.0 = Debug|Win32
		{A3BC2F2E-38F7-4169-ADB9-85CF1AFD7616}.Release|x64.ActiveCfg = Release|x64
		{A3BC2F2E-38F7-4169-ADB9-85CF1AFD7616}.Release|x64.Build.0 = Release|x64
		{A3BC2F2E-38F7-4169-ADB9-85CF1AFD7616}.Release|x86.ActiveCfg = Release|Win32
		{A3BC2F2E-38F7-4169-ADB9-85CF1AFD7616}.Release|x86.Build.0 = Release|Win32
		{55CB7445-502D-46D4-BD18-31E7C386B1F0}.Debug|x64.ActiveCfg = Debug|x64
		{55CB7445-502D-46D4-BD18-31E7C386B1F0}.Debug|x64.Build.0 = Debug|x64
		{55CB7445-502D-46D4-BD18-31E7C386B1F0}.Debug|x86.ActiveCfg = Debug|Win32
		{55CB7445-502D-46D4-BD18-31E7C386B1F0}.Debug|x86.Build.0 = Debug|Win32
		{55CB7445-502D-46D4-BD18-31E7C386B1F0}.Release|x64.ActiveCfg = Release|x64
		{55CB7445-502D-46D4-BD18-31E7C386B1F0}.Release|x64.Build.0 = Release|x64
		{55CB7445-502D-46D4-BD18-31E7C386B1F0}.Release|x86.ActiveCfg = Release|Win32
		{55CB7445-502D-46D4-BD18-31E7C386B1F0}.Release|x86.Build.0 = Release|Win32
		{BD9C8263-FE79-4E1C-A127-AB22CD32A478}.Debug|x64.ActiveCfg = Debug|x64
		{BD9C8263-FE79-4E1C-A127-AB22CD32A478}.Debug|x64.Build.0 = Debug|x64
		{BD9C8263-FE79-4E1C-A127-AB22CD32A478}.Debug|x86.ActiveCfg = Debug|Win32
		{BD9C8263-FE79-4E1C-A127-AB22CD32A478}.Debug|x86.Build.0 = Debug|Win32
		{BD9C8263-FE79-4E1C-A127-AB22CD32A478}.Release|x64.ActiveCfg = Release|x64
		{BD9C8263-FE79-4E1C-A127-AB22CD32A478}.Release|x64.Build.0 = Release|x64
		{BD9C8263-FE79-4E1C-A127-AB22CD32A478}.Release|x86.ActiveCfg = Release|Win32
		{BD9C8263-FE79-4E1C-A127-AB22CD32A478}.Release|x86.Build.0 = Release|Win32
		{4E8110F2-BDB7-4513-BC15-2502AD475D43}.Debug|x64.ActiveCfg = Debug|x64
		{4E8110F2-BDB7-4513-BC15-2502AD475D43}.Debug|x64.Build.0 = Debug|x64
		{4E8110F2-BDB7-4513-BC15-2502AD475D43}.Debug|x86.ActiveCfg = Debug|Win32
		{4E8110F2-BDB7-4513-BC15-2502AD475D43}.Debug|x86.Build.0 = Debug|Win32
		{4E8110F2-BDB7-4513-BC15-2502AD475D43}.Release|x64.ActiveCfg = Release|x64
		{4E8110F2-BDB7-4513-BC15-2502AD475D43}.Release|x64.Build.0 = Release|x64
		{4E8110F2-BDB7-4513-BC15-2502AD475D43}.Release|x86.ActiveCfg = Release|Win32
		{4E8110F2-BDB7-4513-BC15-2502AD475D43}.Release|x86.Build.0 = Release|Win32
		{43473AC3-2E2B-4B7C-9E63-90B7A4C5A664}.Debug|x64.ActiveCfg = Debug|x64
		{43473AC3-2E2B-4B7C-9E63-90B7A4C5A664}.Debug|x64.Build.0 = Debug|x64
		{43473AC3-2E2B-4B7C-9E63-90B7A4C5A664}.Debug|x86.ActiveCfg = Debug|Win32
		{43473AC3-2E2B-4B7C-9E63-90B7A4C5A664}.Debug|x86.Build.0 = Debug|Win32
		{43473AC3-2E2B-4B7C-9E63-90B7A4C5A664}.Release|x64.ActiveCfg = Release|x64
		{43473AC3-2E2B-4B7C-9E63-90B7A4C5A664}.Release|x64.Build.0 = Release|x64
		{43473AC3-2E2B-4B7C-9E63-90B7A4C5A664}.Release|x86.ActiveCfg = Release|Win32
		{43473AC3-2E2B-4B7C-9E63-90B7A4C5A664}.Release|x86.Build.0 = Release|Win32
		{A2349325-4333-4EEF-B5FB-2F250E56DC38}.Debug|x64.ActiveCfg = Debug|x64
		{A2349325-4333-4EEF-B5FB-2F250E56DC38}.Debug|x64.Build.0 = Debug|x64
		{A2349325-4333-4EEF-B5FB-2F250E56DC38}.Debug|x86.ActiveCfg = Debug|Win32
		{A2349325-4333-4EEF-B5FB-2F250E56DC38}.Debug|x86.Build.0 = Debug|Win32
		{A2349325-4333-4EEF-B5FB-2F250E56DC38}.Release|x64.ActiveCfg = Release|x64
		{A2349325-4333-4EEF-B5FB-2F250E56DC38}.Release|x64.Build.0 = Release|x64
		{A2349325-4333-4EEF-B5FB-2F250E56DC38}.Release|x86.ActiveCfg = Release|Win32
		{A2349325-4333-4EEF-B5FB-2F250E56DC38}.Release|x86.Build.0 = Release|Win32
		{3F19AB36-5F9B-4D92-8D5D-DA7F00C0E816}.Debug|x64.ActiveCfg = Debug|x64
		{3F19AB36-5F9B-4D92-8D5D-DA7F00C0E816}.Debug|x64.Build.0 = Debug|x64
		{3F19AB36-5F9B-4D92-8D5D-DA7F00C0E816}.Debug|x86.ActiveCfg = Debug|Win32
		{3F19AB36-5F9B-4D92-8D5D-DA7F00C0E816}.Debug|x86.Build.0 = Debug|Win32
		{3F19AB36-5F9B-4D92-8D5D-DA7F00C0E816}.Release|x64.ActiveCfg = Release|x64
		{3F19AB36-5F9B-4D92-8D5D-DA7F00C0E816}.Release|x64.Build.0 = Release|x64
		{3F19AB36-5F9B-4D92-8D5D-DA7F00C0E816}.Release|x86.ActiveCfg = Release|Win32
		{3F19AB36-5F9B-4D92-8D5D-DA7F00C0E816}.Release|x86.Build.0 = Release|Win32
		{F4F51BD3-0519-4C17-9736-1B83655E10A3}.Debug|x64.ActiveCfg = Debug|x64
		{F4F51BD3-0519-4C17-9736-1B83655E10A3}.Debug|x64.Build.0 = Debug|x64
		{F4F51BD3-0519-4C17-9736-1B83655E10A3}.Debug|x86.ActiveCfg = Debug|Win32
		{F4F51BD3-0519-4C17-9736-1B83655E10A3}.Debug|x86.Build.0 = Debug|Win32
		{F4F51BD3-0519-4C17-9736-1B83655E10A3}.Release|x64.ActiveCfg = Release|x64
		{F4F51BD3-0519-4C17-9736-1B83655E10A3}.Release|x64.Build.0 = Release|x64
		{F4F51BD3-0519-4C17-9736-1B83655E10A3}.Release|x86.ActiveCfg = Release|Win32
		{F4F51BD3-0519-4C17-9736-1B83655E10A3}.Release|x86.Build.0 = Release|Win32
		{5F8790F5-8193-4809-8F8B-ACFA678187CA}.Debug|x64.ActiveCfg = Debug|x64
		{5F8790F5-8193-4809-8F8B-ACFA678187CA}.Debug|x64.Build.0 = Debug|x64
		{5F8790F5-8193-4809-8F8B-ACFA678187CA}.Debug|x86.ActiveCfg = Debug|Win32
		{5F8790F5-8193-4809-8F8B-ACFA678187CA}.Debug|x86.Build.0 = Debug|Win32
		{5F8790F5-8193-4809-8F8B-ACFA678187CA}.Release|x64.ActiveCfg = Release|x64
		{5F8790F5-8193-4809-8F8B-ACFA678187CA}.Release|x64.Build.0 = Release|x64
		{5F8790F5-8193-4809-8F8B-ACFA678187CA}.Release|x86.ActiveCfg = Release|Win32
		{5F8790F5-8193-4809-8F8B-ACFA678187CA}.Release|x86.Build.0 = Release|Win32
		{DB9CE8E6-9DBA-4A54-BA9B-3765897822CE}.Debug|x64.ActiveCfg = Debug|x64
		{DB9CE8E6-9DBA-4A54-BA9B-3765897822CE}.Debug|x64.Build.0 = Debug|x64
		{DB9CE8E6-9DBA-4A54-BA9B-3765897822CE}.Debug|x86.ActiveCfg = Debug|Win32
		{DB9CE8E6-9DBA-4A54-BA9B-3765897822CE}.Debug|x86.Build.0 = Debug|Win32
		{DB9CE8E6-9DBA-4A54-BA9B-3765897822CE}.Release|x64.ActiveCfg = Release|x64
		{DB9CE8E6-9DBA-4A54-BA9B-3765897822CE}.Release|x64.Build.0 = Release|x64
		{DB9CE8E6-9DBA-4A54-BA9B-3765897822CE}.Release|x86.ActiveCfg = Release|Win32
		{DB9CE8E6-9DBA-4A54-BA9B-3765897822CE}.Release|x86.Build.0 = Release|Win32
		{40E6916C-BD65-4790-B4A2-CDD5047AF971}.Debug|x64.ActiveCfg = Debug|x64
		{40E6916C-BD65-4790-B4A2-CDD5047AF971}.Debug|x64.Build.0 = Debug|x64
		{40E6916C-BD65-4790-B4A2-CDD5047AF971}.Debug|x86.ActiveCfg = Debug|Win32
		{40E6916C-BD65-4790-B4A2-CDD5047AF971}.Debug|x86.Build.0 = Debug|Win32
		{40E6916C-BD65-4790-B4A2-CDD5047AF971}.Release|x64.ActiveCfg = Release|x64
		{40E6916C-BD65-4790-B4A2-CDD5047AF971}.Release|x64.Build.0 = Release|x64
		{40E6916C-BD65-4790-B4A2-CDD5047AF971}.Release|x86.ActiveCfg = Release|Win32
		{40E6916C-BD65-4790-B4A2-CDD5047AF971}.Release|x86.Build.0 = Release|Win32
		{11CA8A68-C0C4-4B63-A211-F3A794B5574C}.Debug|x64.ActiveCfg = Debug|x64
		{11CA8A68-C0C4-4B63-A211-F3A794B5574C}.Debug|x64.Build.0 = Debug|x64
		{11CA8A68-C0C4-4B63-A211-F3A794B5574C}.Debug|x86.ActiveCfg = Debug|Win32
		{11CA8A68-C0C4-4B63-A211-F3A794B5574C}.Debug|x86.Build.0 = Debug|Win32
		{11CA8A68-C0C4-4B63-A211-F3A794B5574C}.Release|x64.ActiveCfg = Release|x64
		{11CA8A68-C0C4-4B63-A211-F3A794B5574C}.Release|x64.Build.0 = Release|x64
		{11CA8A68-C0C4-4B63-A211-F3A794B5574C}.Release|x86.ActiveCfg = Release|Win32
		{11CA8A68-C0C4-4B63-A211-F3A794B5574C}.Release|x86.Build.0 = Release|Win32
		{8EC2BAA1-A0ED-4819-98E0-08EAC6098104}.Debug|x64.ActiveCfg = Debug|x64
		{8EC2BAA1-A0ED-4819-98E0-08EAC6098104}.Debug|x64.Build.0 = Debug|x64
		{8EC2BAA1-A0ED-4819-98E0-08EAC6098104}.Debug|x86.ActiveCfg = Debug|Win32
		{8EC2BAA1-A0ED-4819-98E0-08EAC6098104}.Debug|x86.Build.0 = Debug|Win32
		{8EC2BAA1-A0ED-4819-98E0-08EAC6098104}.Release|x64.ActiveCfg = Release|x64
		{8EC2BAA1-A0ED-4819-98E0-08EAC6098104}.Release|x64.Build.0 = Release|x64
		{8EC2BAA1-A0ED-4819-98E0-08EAC6098104}.Release|x86.ActiveCfg = Release|Win32
		{8EC2BAA1-A0ED-4819-98E0-08EAC6098104}.Release|x86.Build.0 = Release|Win32
		{485CDECC-6CBD-4A7B-9379-CBC3098049D2}.Debug|x64.ActiveCfg = Debug|x64
		{485CDECC-6CBD-4A7B-9379-CBC3098049D2}.Debug|x64.Build.0 = Debug|x64
		{485CDECC-6CBD-4A7B-9379-CBC3098049D2}.Debug|x86.ActiveCfg = Debug|Win32
		{485CDECC-6CBD-4A7B-9379-CBC3098049D2}.Debug|x86.Build.0 = Debug|Win32
		{485CDECC-6CBD-4A7B-9379-CBC3098049D2}.Release|x64.ActiveCfg = Release|x64
		{485CDECC-6CBD-4A7B-9379-CBC3098049D2}.Release|x64.Build.0 = Release|x64
		{485CDECC-6CBD-4A7B-9379-CBC3098049D2}.Release|x86.ActiveCfg = Release|Win32
		{485CDECC-6CBD-4A7B-9379-CBC3098049D2}.Release|x86.Build.0 = Release|Win32
		{23D93406-A288-4110-A17B-3E51111B8B0E}.Debug|x64.ActiveCfg = Debug|x64
		{23D93406-A288-4110-A17B-3E51111B8B0E}.Debug|x64.Build.0 = Debug|x64
		{23D93406-A288-4110-A17B-3E51111B8B0E}.Debug|x86.ActiveCfg = Debug|Win32
		{23D93406-A288-4110-A17B-3E51111B8B0E}.Debug|x86.Build.0 = Debug|Win32
		{23D93406-A288-4110-A17B-3E51111B8B0E}.Release|x64.ActiveCfg = Release|x64
		{23D93406-A288-4110-A17B-3E51111B8B0E}.Release|x64.Build.0 = Release|x64
		{23D93406-A288-4110-A17B-3E51111B8B0E}.Release|x86.ActiveCfg = Release|Win32
		{23D93406-A288-4110-A17B-3E51111B8B0E}.Release|x86.Build.0 = Release|Win32
		{476A203C-D2FB-450A-9C12-3603C67EFEFE}.Debug|x64.ActiveCfg = Debug|x64
		{476A203C-D2FB-450A-9C12-3603C67EFEFE}.Debug|x64.Build.0 = Debug|x64
		{476A203C-D2FB-450A-9C12-3603C67EFEFE}.Debug|x86.ActiveCfg = Debug|Win32
		{476A203C-D2FB-450A-9C12-3603C67EFEFE}.Debug|x86.Build.0 = Debug|Win32
		{476A203C-D2FB-450A-9C12-3603C67EFEFE}.Release|x64.ActiveCfg = Release|x64
		{476A203C-D2FB-450A-9C12-3603C67EFEFE}.Release|x64.Build.0 = Release|x64
		{476A203C-D2FB-450A-9C12-3603C67EFEFE}.Release|x86.ActiveCfg = Release|Win32
		{476A203C-D2FB-450A-9C12-3603C67EFEFE}.Release|x86.Build.0 = Release|Win32
		{A1C4A043-44C1-42AB-9925-97495355C771}.Debug|x64.ActiveCfg = Debug|x64
		{A1C4A043-44C1-42AB-9925-97495355C771}.Debug|x64.Build.0 = Debug|x64
		{A1C4A043-44C1-42AB-9925-97495355C771}.Debug|x86.ActiveCfg = Debug|Win32
		{A1C4A043-44C1-42AB-9925-97495355C771}.Debug|x86.Build.0 = Debug|Win32
		{A1C4A043-44C1-42AB-9925-97495355C771}.Release|x64.ActiveCfg = Release|x64
		{A1C4A043-44C1-42AB-9925-97495355C771}.Release|x64.Build.0 = Release|x64
		{A1C4A043-44C1-42AB-9925-97495355C771}.Release|x86.ActiveCfg = Release|Win32
		{A1C4A043-44C1-42AB-9925-97495355C771}.Release|x86.Build.0 = Release|Win32
		{23AE9CD9-2EE1-48AA-8DD7-20E10D34F6D1}.Debug|x64.ActiveCfg = Debug|x64
		{23AE9CD9-2EE1-48AA-8DD7-20E10D34F6D1}.Debug|x64.Build.0 = Debug|x64
		{23AE9CD9-2EE1-48AA-8DD7-20E10D34F6D1}.Debug|x86.ActiveCfg = Debug|Win32
		{23AE9CD9-2EE1-48AA-8DD7-20E10D34F6D1}.Debug|x86.Build.0 = Debug|Win32
		{23AE9CD9-2EE1-48AA-8DD7-20E10D34F6D1}.Release|x64.ActiveCfg = Release|x64
		{23AE9CD9-2EE1-48AA-8DD7-20E10D34F6D1}.Release|x64.Build.0 = Release|x64
		{23AE9CD9-2EE1-48AA-8DD7-20E10D34F6D1}.Release|x86.ActiveCfg = Release|Win32
		{23AE9CD9-2EE1-48AA-8DD7-20E10D34F6D1}.Release|x86.Build.0 = Release|Win32
		{68B28729-940A-474A-8B8C-F8B99CD5B2EE}.Debug|x64.ActiveCfg = Debug|x64
		{68B28729-940A-474A-8B8C-F8B99CD5B2EE}.Debug|x64.Build.0 = Debug|x64
		{68B28729-940A-474A-8B8C-F8B99CD5B2EE}.Debug|x86.ActiveCfg = Debug|Win32
		{68B28729-940A-474A-8B8C-F8B99CD5B2EE}.Debug|x86.Build.0 = Debug|Win32
		{68B28729-940A-474A-8B8C-F8B99CD5B2EE}.Release|x64.ActiveCfg = Release|x64
		{68B28729-940A-474A-8B8C-F8B99CD5B2EE}.Release|x64.Build.0 = Release|x64
		{68B28729-940A-474A-8B8C-F8B99CD5B2EE}.Release|x86.ActiveCfg = Release|Win32
		{68B28729-940A-474A-8B8C-F8B99CD5B2EE}.Release|x86.Build.0 = Release|Win32
		{F56E0B6D-3A3A-4BC3-B5D7-D5CA72D363AC}.Debug|x64.ActiveCfg = Debug|x64
		{F56E0B6D-3A3A-4BC3-B5D7-D5CA72D363AC}.Debug|x64.Build.0 = Debug|x64
		{F56E0B6D-3A3A-4BC3-B5D7-D5CA72D363AC}.Debug|x86.ActiveCfg = Debug|Win32
		{F56E0B6D-3A3A-4BC3-B5D7-D5CA72D363AC}.Debug|x86.Build.0 = Debug|Win32
		{F56E0B6D-3A3A-4BC3-B5D7-D5CA72D363AC}.Release|x64.ActiveCfg = Release|x64
		{F56E0B6D-3A3A-4BC3-B5D7-D5CA72D363AC}.Release|x64.Build.0 = Release|x64
		{F56E0B6D-3A3A-4BC3-B5D7-D5CA72D363AC}.Release|x86.ActiveCfg = Release|Win32
		{F56E0B6D-3A3A-4BC3-B5D7-D5CA72D363AC}.Release|x86.Build.0 = Release|Win32
		{1701EE81-7A1B-427E-8F6D-7DA0D162AE1D}.Debug|x64.ActiveCfg = Debug|x64
		{1701EE81-7A1B-427E-8F6D-7DA0D162AE1D}.Debug|x64.Build.0 = Debug|x64
		{1701EE81-7A1B-427E-8F6D-7DA0D162AE1D}.Debug|x86.ActiveCfg = Debug|Win32
		{1701EE81-7A1B-427E-8F6D-7DA0D162AE1D}.Debug|x86.Build.0 = Debug|Win32
		{1701EE81-7A1B-427E-8F6D-7DA0D162AE1D}.Release|x64.ActiveCfg = Release|x64
		{1701EE81-7A1B-427E-8F6D-7DA0D162AE1D}.Release|x64.Build.0 = Release|x64
		{1701EE81-7A1B-427E-8F6D-7DA0D162AE1D}.Release|x86.ActiveCfg = Release|Win32
		{1701EE81-7A1B-427E-8F6D-7DA0D162AE1D}.Release|x86.Build.0 = Release|Win32
		{0F401401-0F15-42CC-8409-D7A189C8257A}.Debug|x64.ActiveCfg = Debug|x64
		{0F401401-0F15-42CC-8409-D7A189C8257A}.Debug|x64.Build.0 = Debug|x64
		{0F401401-0F15-42CC-8409-D7A189C8257A}.Debug|x86.ActiveCfg = Debug|Win32
		{0F401401-0F15-42CC-8409-D7A189C8257A}.Debug|x86.Build.0 = Debug|Win32
		{0F401401-0F15-42CC-8409-D7A189C8257A}.Release|x64.ActiveCfg = Release|x64
		{0F401401-0F15-42CC-8409-D7A189C8257A}.Release|x64.Build.0 = Release|x64
		{0F401401-0F15-42CC-8409-D7A189C8257A}.Release|x86.ActiveCfg = Release|Win32
		{0F401401-0F15-42CC-8409-D7A189C8257A}.Release|x86.Build.0 = Release|Win32
		{9A98AF26-27E4-4C99-84FE-CD6A609D6994}.Debug|x64.ActiveCfg = Debug|x64
		{9A98AF26-27E4-4C99-84FE-CD6A609D6994}.Debug|x64.Build.0 = Debug|x64
		{9A98AF26-27E4-4C99-84FE-CD6A609D6994}.Debug|x86.ActiveCfg = Debug|Win32
		{9A98AF26-27E4-4C99-84FE-CD6A609D6994}.Debug|x86.Build.0 = Debug|Win32
		{9A98AF26-27E4-4C99-84FE-CD6A609D6994}.Release|x64.ActiveCfg = Release|x64
		{9A98AF26-27E4-4C99-84FE-CD6A609D6994}.Release|x64.Build.0 = Release|x64
		{9A98AF26-27E4-4C99-84FE-CD6A609D6994}.Release|x86.ActiveCfg = Release|Win32
		{9A98AF26-27E4-4C99-84FE-CD6A609D6994}.Release|x86.Build.0 = Release|Win32
		{EC864F80-C4B7-495A-9590-3B31C0F6C065}.Debug|x64.ActiveCfg = Debug|x64
		{EC864F80-C4B7-495A-9590-3B31C0F6C065}.Debug|x64.Build.0 = Debug|x64
		{EC864F80-C4B7-495A-9590-3B31C0F6C065}.Debug|x86.ActiveCfg = Debug|Win32
		{EC864F80-C4B7-495A-9590-3B31C0F6C065}.Debug|x86.Build.0 = Debug|Win32
		{EC864F80-C4B7-495A-9590-3B31C0F6C065}.Release|x64.ActiveCfg = Release|x64
		{EC864F80-C4B7-495A-9590-3B31C0F6C065}.Release|x64.Build.0 = Release|x64
		{EC864F80-C4B7-495A-9590-3B31C0F6C065}.Release|x86.ActiveCfg = Release|Win32
		{EC864F80-C4B7-495A-9590-3B31C0F6C065}.Release|x86.Build.0 = Release|Win32
		{CAF2411D-481D-4F10-BA13-05D0C1F5FDAF}.Debug|x64.ActiveCfg = Debug|x64
		{CAF2411D-481D-4F10-BA13-05D0C1F5FDAF}.Debug|x64.Build.0 = Debug|x64
		{CAF2411D-481D-4F10-BA13-05D0C1F5FDAF}.Debug|x86.ActiveCfg = Debug|Win32
		{CAF2411D-481D-4F10-BA13-05D0C1F5FDAF}.Debug|x86.Build.0 = Debug|Win32
		{CAF2411D-481D-4F10-BA13-05D0C1F5FDAF}.Release|x64.ActiveCfg = Release|x64
		{CAF2411D-481D-4F10-BA13-05D0C1F5FDAF}.Release|x64.Build.0 = Release|x64
		{CAF2411D-481D-4F10-BA13-05D0C1F5FDAF}.Release|x86.ActiveCfg = Release|Win32
		{CAF2411D-481D-4F10-BA13-05D0C1F5FDAF}.Release|x86.Build.0 = Release|Win32
		{390E54B1-BB9A-406B-BF30-A28BD3BEFF50}.Debug|x64.ActiveCfg = Debug|x64
		{390E54B1-BB9A-406B-BF30-A28BD3BEFF50}.Debug|x64.Build.0 = Debug|x64
		{390E54B1-BB9A-406B-BF30-A28BD3BEFF50}.Debug|x86.ActiveCfg = Debug|Win32
		{390E54B1-BB9A-406B-BF30-A28BD3BEFF50}.Debug|x86.Build.0 = Debug|Win32
		{390E54B1-BB9A-406B-BF30-A28BD3BEFF50}.Release|x64.ActiveCfg = Release|x64
		{390E54B1-BB9A-406B-BF30-A28BD3BEFF50}.Release|x64.Build.0 = Release|x64
		{390E54B1-BB9A-406B-BF30-A28BD3BEFF50}.Release|x86.ActiveCfg = Release|Win32
		{390E54B1-BB9A-406B-BF30-A28BD3BEFF50}.Release|x86.Build.0 = Release|Win32
		{8B375086-1D3E-49BD-BC01-C3F3B76EAFB5}.Debug|x64.ActiveCfg = Debug|x64
		{8B375086-1D3E-49BD-BC01-C3F3B76EAFB5}.Debug|x64.Build.0 = Debug|x64
		{8B375086-1D3E-49BD-BC01-C3F3B76EAFB5}.Debug|x86.ActiveCfg = Debug|Win32
		{8B375086-1D3E-49BD-BC01-C3F3B76EAFB5}.Debug|x86.Build.0 = Debug|Win32
		{8B375086-1D3E-49BD-BC01-C3F3B76EAFB5}.Release|x64.ActiveCfg = Release|x64
		{8B375086-1D3E-49BD-BC01-C3F3B76EAFB5}.Release|x64.Build.0 = Release|x64
		{8B375086-1D3E-49BD-BC01-C3F3B76EAFB5}.Release|x86.ActiveCfg = Release|Win32
		{8B375086-1D3E-49BD-BC01-C3F3B76EAFB5}.Release|x86.Build.0 = Release|Win32
		{EF086777-A9DE-4F0D-B379-F926BF1E738A}.Debug|x64.ActiveCfg = Debug|x64
		{EF086777-A9DE-4F0D-B379-F926BF1E738A}.Debug|x64.Build.0 = Debug|x64
		{EF086777-A9DE-4F0D-B379-F926BF1E738A}.Debug|x86.ActiveCfg = Debug|Win32
		{EF086777-A9DE-4F0D-B379-F926BF1E738A}.Debug|x86.Build.0 = Debug|Win32
		{EF086777-A9DE-4F0D-B379-F926BF1E738A}.Release|x64.ActiveCfg = Release|x64
		{EF086777-A9DE-4F0D-B379-F926BF1E738A}.Release|x64.Build.0 = Release|x64
		{EF086777-A9DE-4F0D-B379-F926BF1E738A}.Release|x86.ActiveCfg = Release|Win32
		{EF086777-A9DE-4F0D-B379-F926BF1E738A}.Release|x86.Build.0 = Release|Win32
		{57F1EE4E-6EC3-4946-B001-735F1E23F3B5}.Debug|x64.ActiveCfg = Debug|x64
		{57F1EE4E-6EC3-4946-B001-735F1E23F3B5}.Debug|x64.Build.0 = Debug|x64
		{57F1EE4E-6EC3-4946-B001-735F1E23F3B5}.Debug|x86.ActiveCfg = Debug|Win32
		{57F1EE4E-6EC3-4946-B001-735F1E23F3B5}.Debug|x86.Build.0 = Debug|Win32
		{57F1EE4E-6EC3-4946-B001-735F1E23F3B5}.Release|x64.ActiveCfg = Release|x64
		{57F1EE4E-6EC3-4946-B001-735F1E23F3B5}.Release|x64.Build.0 = Release|x64
		{57F1EE4E-6EC3-4946-B001-735F1E23F3B5}.Release|x86.ActiveCfg = Release|Win32
		{57F1EE4E-6EC3-4946-B001-735F1E23F3B5}.Release|x86.Build.0 = Release|Win32
		{6D1B20FC-F290-4B54-BAB8-F9EA6D2436AA}.Debug|x64.ActiveCfg = Debug|x64
		{6D1B20FC-F290-4B54-BAB8-F9EA6D2436AA}.Debug|x64.Build.0 = Debug|x64
		{6D1B20FC-F290-4B54-BAB8-F9EA6D2436AA}.Debug|x86.ActiveCfg = Debug|Win32
		{6D1B20FC-F290-4B54-BAB8-F9EA6D2436AA}.Debug|x86.Build.0 = Debug|Win32
		{6D1B20FC-F290-4B54-BAB8-F9EA6D2436AA}.Release|x64.ActiveCfg = Release|x64
		{6D1B20FC-F290-4B54-BAB8-F9EA6D2436AA}.Release|x64.Build.0 = Release|x64
		{6D1B20FC-F290-4B54-BAB8-F9EA6D2436AA}.Release|x86.ActiveCfg = Release|Win32
		{6D1B20FC-F290-4B54-BAB8-F9EA6D2436AA}.Release|x86.Build.0 = Release|Win32
		{E68B7320-7C33-4132-8FC9-EED929AC2A8E}.Debug|x64.ActiveCfg = Debug|x64
		{E68B7320-7C33-4132-8FC9-EED929AC2A8E}.Debug|x64.Build.0 = Debug|x64
		{E68B7320-7C33-4132-8FC9-EED929AC2A8E}.Debug|x86.ActiveCfg = Debug|Win32
		{E68B7320-7C33-4132-8FC9-EED929AC2A8E}.Debug|x86.Build.0 = Debug|Win32
		{E68B7320-7C33-4132-8FC9-EED929AC2A8E}.Release|x64.ActiveCfg = Release|x64
		{E68B7320-7C33-4132-8FC9-EED929AC2A8E}.Release|x64.Build.0 = Release|x64
		{E68B7320-7C33-4132-8FC9-EED929AC2A8E}.Release|x86.ActiveCfg = Release|Win32
		{E68B7320-7C33-4132-8FC9-EED929AC2A8E}.Release|x86.Build.0 = Release|Win32
		{638E2D23-1198-4D4B-8280-7B4EAF769D7A}.Debug|x64.ActiveCfg = Debug|x64
		{638E2D23-1198-4D4B-8280-7B4EAF769D7A}.Debug|x64.Build.0 = Debug|x64
		{638E2D23-1198-4D4B-8280-7B4EAF769D7A}.Debug|x86.ActiveCfg = Debug|Win32
		{638E2D23-1198-4D4B-8280-7B4EAF769D7A}.Debug|x86.Build.0 = Debug|Win32
		{638E2D23-1198-4D4B-8280-7B4EAF769D7A}.Release|x64.ActiveCfg = Release|x64
		{638E2D23-1198-4D4B-8280-7B4EAF769D7A}.Release|x64.Build.0 = Release|x64
		{638E2D23-1198-4D4B-8280-7B4EAF769D7A}.Release|x86.ActiveCfg = Release|Win32
		{638E2D23-1198-4D4B-8280-7B4EAF769D7A}.Release|x86.Build.0 = Release|Win32
		{481E81DA-B8C1-4D55-9ADC-7026AF1A018D}.Debug|x64.ActiveCfg = Debug|x64
		{481E81DA-B8C1-4D55-9ADC-7026AF1A018D}.Debug|x64.Build.0 = Debug|x64
		{481E81DA-B8C1-4D55-9ADC-7026AF1A018D}.Debug|x86.ActiveCfg = Debug|Win32
		{481E81DA-B8C1-4D55-9ADC-7026AF1A018D}.Debug|x86.Build.0 = Debug|Win32
		{481E81DA-B8C1-4D55-9ADC-7026AF1A018D}.Release|x64.ActiveCfg = Release|x64
		{481E81DA-B8C1-4D55-9ADC-7026AF1A018D}.Release|x64.Build.0 = Release|x64
		{481E81DA-B8C1-4D55-9ADC-7026AF1A018D}.Release|x86.ActiveCfg = Release|Win32
		{481E81DA-B8C1-4D55-9ADC-7026AF1A018D}.Release|x86.Build.0 = Release|Win32
		{1D044396-26C8-4F06-B231-3264D2DB0F9B}.Debug|x64.ActiveCfg = Debug|x64
		{1D044396-26C8-4F06-B231-3264D2DB0F9B}.Debug|x64.Build.0 = Debug|x64
		{1D044396-26C8-4F06-B231-3264D2DB0F9B}.Debug|x86.ActiveCfg = Debug|Win32
		{1D044396-26C8-4F06-B231-3264D2DB0F9B}.Debug|x86.Build.0 = Debug|Win32
		{1D044396-26C8-4F06-B231-3264D2DB0F9B}.Release|x64.ActiveCfg = Release|x64
		{1D044396-26C8-4F06-B231-3264D2DB0F9B}.Release|x64.Build.0 = Release|x64
		{1D044396-26C8-4F06-B231-3264D2DB0F9B}.Release|x86.ActiveCfg = Release|Win32
		{1D044396-26C8-4F06-B231-3264D2DB0F9B}.Release|x86.Build.0 = Release|Win32
		{02B6D396-D9A1-459F-87A9-2245C0346E9E}.Debug|x64.ActiveCfg = Debug|x64
		{02B6D396-D9A1-459F-87A9-2245C0346E9E}.Debug|x64.Build.0 = Debug|x64
		{02B6D396-D9A1-459F-87A9-2245C0346E9E}.Debug|x86.ActiveCfg = Debug|Win32
		{02B6D396-D9A1-459F-87A9-2245C0346E9E}.Debug|x86.Build.0 = Debug|Win32
		{02B6D396-D9A1-459F-87A9-2245C0346E9E}.Release|x64.ActiveCfg = Release|x64
		{02B6D396-D9A1-459F-87A9-2245C0346E9E}.Release|x64.Build.0 = Release|x64
		{02B6D396-D9A1-459F-87A9-2245C0346E9E}.Release|x86.ActiveCfg = Release|Win32
		{02B6D396-D9A1-459F-87A9-2245C0346E9E}.Release|x86.Build.0 = Release|Win32
		{F4D607F5-8164-4F3A-BEAA-162FB546B453}.Debug|x64.ActiveCfg = Debug|x64
		{F4D607F5-8164-4F3A-BEAA-162FB546B453}.Debug|x64.Build.0 = Debug|x64
		{F4D607F5-8164-4F3A-BEAA-162FB546B453}.Debug|x86.ActiveCfg = Debug|Win32
		{F4D607F5-8164-4F3A-BEAA-162FB546B453}.Debug|x86.Build.0 = Debug|Win32
		{F4D607F5-8164-4F3A-BEAA-162FB546B453}.Release|x64.ActiveCfg = Release|x64
		{F4D607F5-8164-4F3A-BEAA-162FB546B453}.Release|x64.Build.0 = Release|x64
		{F4D607F5-8164-4F3A-BEAA-162FB546B453}.Release|x86.ActiveCfg = Release|Win32
		{F4D607F5-8164-4F3A-BEAA-162FB546B453}.Release|x86.Build.0 = Release|Win32
		{DBF8E4E1-17B1-4288-B4F8-59B0BD4FA09A}.Debug|x64.ActiveCfg = Debug|x64
		{DBF8E4E1-17B1-4288-B4F8-59B0BD4FA09A}.Debug|x64.Build.0 = Debug|x64
		{DBF8E4E1-17B1-4288-B4F8-59B0BD4FA09A}.Debug|x86.ActiveCfg = Debug|Win32
		{DBF8E4E1-17B1-4288-B4F8-59B0BD4FA09A}.Debug|x86.Build.0 = Debug|Win32
		{DBF8E4E1-17B1-4288-B4F8-59B0BD4FA09A}.Release|x64.ActiveCfg = Release|x64
		{DBF8E4E1-17B1-4288-B4F8-59B0BD4FA09A}.Release|x64.Build.0 = Release|x64
		{DBF8E4E1-17B1-4288-B4F8-59B0BD4FA09A}.Release|x86.ActiveCfg = Release|Win32
		{DBF8E4E1-17B1-4288-B4F8-59B0BD4FA09A}.Release|x86.Build.0 = Release|Win32
		{35B6B59A-CFAA-4816-988F-CD9E2C465AB5}.Debug|x64.ActiveCfg = Debug|x64
		{35B6B59A-CFAA-4816-988F-CD9E2C465AB5}.Debug|x64.Build.0 = Debug|x64
		{35B6B59A-CFAA-4816-988F-CD9E2C465AB5}.Debug|x86.ActiveCfg = Debug|Win32
		{35B6B59A-CFAA-4816-988F-CD9E2C465AB5}.Debug|x86.Build.0 = Debug|Win32
		{35B6B59A-CFAA-4816-988F-CD9E2C465AB5}.Release|x64.ActiveCfg = Release|x64
		{35B6B59A-CFAA-4816-988F-CD9E2C465AB5}.Release|x64.Build.0 = Release|x64
		{35B6B59A-CFAA-4816-988F-CD9E2C465AB5}.Release|x86.ActiveCfg = Release|Win32
		{35B6B59A-CFAA-4816-988F-CD9E2C465AB5}.Release|x86.Build.0 = Release|Win32
		{C1A3E96E-EC01-4D46-8D75-02A9A998C620}.Debug|x64.ActiveCfg = Debug|x64
		{C1A3E96E-EC01-4D46-8D75-02A9A998C620}.Debug|x64.Build.0 = Debug|x64
		{C1A3E96E-EC01-4D46-8D75-02A9A998C620}.Debug|x86.ActiveCfg = Debug|Win32
		{C1A3E96E-EC01-4D46-8D75-02A9A998C620}.Debug|x86.Build.0 = Debug|Win32
		{C1A3E96E-EC01-4D46-8D75-02A9A998C620}.Release|x64.ActiveCfg = Release|x64
		{C1A3E96E-EC01-4D46-8D75-02A9A998C620}.Release|x64.Build.0 = Release|x64
		{C1A3E96E-EC01-4D46-8D75-02A9A998C620}.Release|x86.ActiveCfg = Release|Win32
		{C1A3E96E-EC01-4D46-8D75-02A9A998C620}.Release|x86.Build.0 = Release|Win32
		{A5F7E0BF-B178-4664-8EF5-4B807D6441B0}.Debug|x64.ActiveCfg = Debug|x64
		{A5F7E0BF-B178-4664-8EF5-4B807D6441B0}.Debug|x64.Build.0 = Debug|x64
		{A5F7E0BF-B178-4664-8EF5-4B807D6441B0}.Debug|x86.ActiveCfg = Debug|Win32
		{A5F7E0BF-B178-4664-8EF5-4B807D6441B0}.Debug|x86.Build.0 = Debug|Win32
		{A5F7E0BF-B178-4664-8EF5-4B807D6441B0}.Release|x64.ActiveCfg = Release|x64
		{A5F7E0BF-B178-4664-8EF5-4B807D6441B0}.Release|x64.Build.0 = Release|x64
		{A5F7E0BF-B178-4664-8EF5-4B807D6441B0}.Release|x86.ActiveCfg = Release|Win32
		{A5F7E0BF-B178-4664-8EF5-4B807D6441B0}.Release|x86.Build.0 = Release|Win32
		{35ED73CD-094D-4B88-9300-6530920507B2}.Debug|x64.ActiveCfg = Debug|x64
		{35ED73CD-094D-4B88-9300-6530920507B2}.Debug|x64.Build.0 = Debug|x64
		{35ED73CD-094D-4B88-9300-6530920507B2}.Debug|x86.ActiveCfg = Debug|Win32
		{35ED73CD-094D-4B88-9300-6530920507B2}.Debug|x86.Build.0 = Debug|Win32
		{35ED73CD-094D-4B88-9300-6530920507B2}.Release|x64.ActiveCfg = Release|x64
		{35ED73CD-094D-4B88-9300-6530920507B2}.Release|x64.Build.0 = Release|x64
		{35ED73CD-094D-4B88-9300-6530920507B2}.Release|x86.ActiveCfg = Release|Win32
		{35ED73CD-094D-4B88-9300-6530920507B2}.Release|x86.Build.0 = Release|Win32
		{6F73B78E-6AFE-4524-B73A-1541C90FC257}.Debug|x64.ActiveCfg = Debug|x64
		{6F73B78E-6AFE-4524-B73A-1541C90FC257}.Debug|x64.Build.0 = Debug|x64
		{6F73B78E-6AFE-4524-B73A-1541C90FC257}.Debug|x86.ActiveCfg = Debug|Win32
		{6F73B78E-6AFE-4524-B73A-1541C90FC257}.Debug|x86.Build.0 = Debug|Win32
		{6F73B78E-6AFE-4524-B73A-1541C90FC257}.Release|x64.ActiveCfg = Release|x64
		{6F73B78E-6AFE-4524-B73A-1541C90FC257}.Release|x64.Build.0 = Release|x64
		{6F73B78E-6AFE-4524-B73A-1541C90FC257}.Release|x86.ActiveCfg = Release|Win32
		{6F73B78E-6AFE-4524-B73A-1541C90FC257}.Release|x86.Build.0 = Release|Win32
		{AFDD8269-6B62-4F13-9458-3B094860F46C}.Debug|x64.ActiveCfg = Debug|x64
		{AFDD8269-6B62-4F13-9458-3B094860F46C}.Debug|x64.Build.0 = Debug|x64
		{AFDD8269-6B62-4F13-9458-3B094860F46C}.Debug|x86.ActiveCfg = Debug|Win32
		{AFDD8269-6B62-4F13-9458-3B094860F46C}.Debug|x86.Build.0 = Debug|Win32
		{AFDD8269-6B62-4F13-9458-3B094860F46C}.Release|x64.ActiveCfg = Release|x64
		{AFDD8269-6B62-4F13-9458-3B094860F46C}.Release|x64.Build.0 = Release|x64
		{AFDD8269-6B62-4F13-9458-3B094860F46C}.Release|x86.ActiveCfg = Release|Win32
		{AFDD8269-6B62-4F13-9458-3B094860F46C}.Release|x86.Build.0 = Release|Win32
		{382235FF-AF33-4513-8A86-A059C46A27E3}.Debug|x64.ActiveCfg = Debug|x64
		{382235FF-AF33-4513-8A86-A059C46A27E3}.Debug|x64.Build.0 = Debug|x64
		{382235FF-AF33-4513-8A86-A059C46A27E3}.Debug|x86.ActiveCfg = Debug|Win32
		{382235FF-AF33-4513-8A86-A059C46A27E3}.Debug|x86.Build.0 = Debug|Win32
		{382235FF-AF33-4513-8A86-A059C46A27E3}.Release|x64.ActiveCfg = Release|x64
		{382235FF-AF33-4513-8A86-A059C46A27E3}.Release|x64.Build.0 = Release|x64
		{382235FF-AF33-4513-8A86-A059C46A27E3}.Release|x86.ActiveCfg = Release|Win32
		{382235FF-AF33-4513-8A86-A059C46A27E3}.Release|x86.Build.0 = Release|Win32
		{D5D606BF-CF97-4993-AA70-EE84B698BDE8}.Debug|x64.ActiveCfg = Debug|x64
		{D5D606BF-CF97-4993-AA70-EE84B698BDE8}.Debug|x64.Build.0 = Debug|x64
		{D5D606BF-CF97-4993-AA70-EE84B698BDE8}.Debug|x86.ActiveCfg = Debug|Win32
		{D5D606BF-CF97-4993-AA70-EE84B698BDE8}.Debug|x86.Build.0 = Debug|Win32
		{D5D606BF-CF97-4993-AA70-EE84B698BDE8}.Release|x64.ActiveCfg = Release|x64
		{D5D606BF-CF97-4993-AA70-EE84B698BDE8}.Release|x64.Build.0 = Release|x64
		{D5D606BF-CF97-4993-AA70-EE84B698BDE8}.Release|x86.ActiveCfg = Release|Win32
		{D5D606BF-CF97-4993-AA70-EE84B698BDE8}.Release|x86.Build.0 = Release|Win32
		{228FA4B2-196E-40D9-BAC9-19F4E1935687}.Debug|x64.ActiveCfg = Debug|x64
		{228FA4B2-196E-40D9-BAC9-19F4E1935687}.Debug|x64.Build.0 = Debug|x64
		{228FA4B2-196E-40D9-BAC9-19F4E1935687}.Debug|x86.ActiveCfg = Debug|Win32
		{228FA4B2-196E-40D9-BAC9-19F4E1935687}.Debug|x86.Build.0 = Debug|Win32
		{228FA4B2-196E-40D9-BAC9-19F4E1935687}.Release|x64.ActiveCfg = Release|x64
		{228FA4B2-196E-40D9-BAC9-19F4E1935687}.Release|x64.Build.0 = Release|x64
		{228FA4B2-196E-40D9-BAC9-19F4E1935687}.Release|x86.ActiveCfg = Release|Win32
		{228FA4B2-196E-40D9-BAC9-19F4E1935687}.Release|x86.Build.0 = Release|Win32
		{9D467CA2-B775-49B6-B246-854EDCF244AD}.Debug|x64.ActiveCfg = Debug|x64
		{9D467CA2-B775-49B6-B246-854EDCF244AD}.Debug|x64.Build.0 = Debug|x64
		{9D467CA2-B775-49B6-B246-854EDCF244AD}.Debug|x86.ActiveCfg = Debug|Win32
		{9D467CA2-B775-49B6-B246-854EDCF244AD}.Debug|x86.Build.0 = Debug|Win32
		{9D467CA2-B775-49B6-B246-854EDCF244AD}.Release|x64.ActiveCfg = Release|x64
		{9D467CA2-B775-49B6-B246-854EDCF244AD}.Release|x64.Build.0 = Release|x64
		{9D467CA2-B775-49B6-B246-854EDCF244AD}.Release|x86.ActiveCfg = Release|Win32
		{9D467CA2-B775-49B6-B246-854EDCF244AD}.Release|x86.Build.0 = Release|Win32
		{89803AAF-30D5-4268-8BA3-5B85A81ED8CC}.Debug|x64.ActiveCfg = Debug|x64
		{89803AAF-30D5-4268-8BA3-5B85A81ED8CC}.Debug|x64.Build.0 = Debug|x64
		{89803AAF-30D5-4268-8BA3-5B85A81ED8CC}.Debug|x86.ActiveCfg = Debug|Win32
		{89803AAF-30D5-4268-8BA3-5B85A81ED8CC}.Debug|x86.Build.0 = Debug|Win32
		{89803AAF-30D5-4268-8BA3-5B85A81ED8CC}.Release|x64.ActiveCfg = Release|x64
		{89803AAF-30D5-4268-8BA3-5B85A81ED8CC}.Release|x64.Build.0 = Release|x64
		{89803AAF-30D5-4268-8BA3-5B85A81ED8CC}.Release|x86.ActiveCfg = Release|Win32
		{89803AAF-30D5-4268-8BA3-5B85A81ED8CC}.Release|x86.Build.0 = Release|Win32
		{87A58FAF-4421-45B1-B2BE-073F9EB8B545}.Debug|x64.ActiveCfg = Debug|x64
		{87A58FAF-4421-45B1-B2BE-073F9EB8B545}.Debug|x64.Build.0 = Debug|x64
		{87A58FAF-4421-45B1-B2BE-073F9EB8B545}.Debug|x86.ActiveCfg = Debug|Win32
		{87A58FAF-4421-45B1-B2BE-073F9EB8B545}.Debug|x86.Build.0 = Debug|Win32
		{87A58FAF-4421-45B1-B2BE-073F9EB8B545}.Release|x64.ActiveCfg = Release|x64
		{87A58FAF-4421-45B1-B2BE-073F9EB8B545}.Release|x64.Build.0 = Release|x64
		{87A58FAF-4421-45B1-B2BE-073F9EB8B545}.Release|x86.ActiveCfg = Release|Win32
		{87A58FAF-4421-45B1-B2BE-073F9EB8B545}.Release|x86.Build.0 = Release|Win32
		{43ECC56E-03EB-4053-8394-8770A3439D9D}.Debug|x64.ActiveCfg = Debug|x64
		{43ECC56E-03EB-4053-8394-8770A3439D9D}.Debug|x64.Build.0 = Debug|x64
		{43ECC56E-03EB-4053-8394-8770A3439D9D}.Debug|x86.ActiveCfg = Debug|Win32
		{43ECC56E-03EB-4053-8394-8770A3439D9D}.Debug|x86.Build.0 = Debug|Win32
		{43ECC56E-03EB-4053-8394-8770A3439D9D}.Release|x64.ActiveCfg = Release|x64
		{43ECC56E-03EB-4053-8394-8770A3439D9D}.Release|x64.Build.0 = Release|x64
		{43ECC56E-03EB-4053-8394-8770A3439D9D}.Release|x86.ActiveCfg = Release|Win32
		{43ECC56E-03EB-4053-8394-8770A3439D9D}.Release|x86.Build.0 = Release|Win32
		{580FA112-6560-422F-81C0-101D2AFB71F7}.Debug|x64.ActiveCfg = Debug|x64
		{580FA112-6560-422F-81C0-101D2AFB71F7}.Debug|x64.Build.0 = Debug|x64
		{580FA112-6560-422F-81C0-101D2AFB71F7}.Debug|x86.ActiveCfg = Debug|Win32
		{580FA112-6560-422F-81C0-101D2AFB71F7}.Debug|x86.Build.0 = Debug|Win32
		{580FA112-6560-422F-81C0-101D2AFB71F7}.Release|x64.ActiveCfg = Release|x64
		{580FA112-6560-422F-81C0-101D2AFB71F7}.Release|x64.Build.0 = Release|x64
		{580FA112-6560-422F-81C0-101D2AFB71F7}.Release|x86.ActiveCfg = Release|Win32
		{580FA112-6560-422F-81C0-101D2AFB71F7}.Release|x86.Build.0 = Release|Win32
		{B2FB8E73-8FB2-45A7-839A-2E1CAEEB142B}.Debug|x64.ActiveCfg = Debug|x64
		{B2FB8E73-8FB2-45A7-839A-2E1CAEEB142B}.Debug|x64.Build.0 = Debug|x64
		{B2FB8E73-8FB2-45A7-839A-2E1CAEEB142B}.Debug|x86.ActiveCfg = Debug|Win32
		{B2FB8E73-8FB2-45A7-839A-2E1CAEEB142B}.Debug|x86.Build.0 = Debug|Win32
		{B2FB8E73-8FB2-45A7-839A-2E1CAEEB142B}.Release|x64.ActiveCfg = Release|x64
		{B2FB8E73-8FB2-45A7-839A-2E1CAEEB142B}.Release|x64.Build.0 = Release|x64
		{B2FB8E73-8FB2-45A7-839A-2E1CAEEB142B}.Release|x86.ActiveCfg = Release|Win32
		{B2FB8E73-8FB2-45A7-839A-2E1CAEEB142B}.Release|x86.Build.0 = Release|Win32
		{97707E21-E66D-4635-AD6E-3057A5EE70FA}.Debug|x64.ActiveCfg = Debug|x64
		{97707E21-E66D-4635-AD6E-3057A5EE70FA}.Debug|x64.Build.0 = Debug|x64
		{97707E21-E66D-4635-AD6E-3057A5EE70FA}.Debug|x86.ActiveCfg = Debug|Win32
		{97707E21-E66D-4635-AD6E-3057A5EE70FA}.Debug|x86.Build.0 = Debug|Win32
		{97707E21-E66D-4635-AD6E-3057A5EE70FA}.Release|x64.ActiveCfg = Release|x64
		{97707E21-E66D-4635-AD6E-3057A5EE70FA}.Release|x64.Build.0 = Release|x64
		{97707E21-E66D-4635-AD6E-3057A5EE70FA}.Release|x86.ActiveCfg = Release|Win32
		{97707E21-E66D-4635-AD6E-3057A5EE70FA}.Release|x86.Build.0 = Release|Win32
		{636B60C7-518C-4277-9410-7F7356053F59}.Debug|x64.ActiveCfg = Debug|x64
		{636B60C7-518C-4277-9410-7F7356053F59}.Debug|x64.Build.0 = Debug|x64
		{636B60C7-518C-4277-9410-7F7356053F59}.Debug|x86.ActiveCfg = Debug|Win32
		{636B60C7-518C-4277-9410-7F7356053F59}.Debug|x86.Build.0 = Debug|Win32
		{636B60C7-518C-4277-9410-7F7356053F59}.Release|x64.ActiveCfg = Release|x64
		{636B60C7-518C-4277-9410-7F7356053F59}.Release|x64.Build.0 = Release|x64
		{636B60C7-518C-4277-9410-7F7356053F59}.Release|x86.ActiveCfg = Release|Win32
		{636B60C7-518C-4277-9410-7F7356053F59}.Release|x86.Build.0 = Release|Win32
		{0FD804AE-5AE0-4748-A256-F44CA572D619}.Debug|x64.ActiveCfg = Debug|x64
		{0FD804AE-5AE0-4748-A256-F44CA572D619}.Debug|x64.Build.0 = Debug|x64
		{0FD804AE-5AE0-4748-A256-F44CA572D619}.Debug|x86.ActiveCfg = Debug|Win32
		{0FD804AE-5AE0-4748-A256-F44CA572D619}.Debug|x86.Build.0 = Debug|Win32
		{0FD804AE-5AE0-4748-A256-F44CA572D619}.Release|x64.ActiveCfg = Release|x64
		{0FD804AE-5AE0-4748-A256-F44CA572D619}.Release|x64.Build.0 = Release|x64
		{0FD804AE-5AE0-4748-A256-F44CA572D619}.Release|x86.ActiveCfg = Release|Win32
		{0FD804AE-5AE0-4748-A256-F44CA572D619}.Release|x86.Build.0 = Release|Win32
		{DC2EAAF3-01B8-4ED2-A71C-A4ED5074EC0C}.Debug|x64.ActiveCfg = Debug|x64
		{DC2EAAF3-01B8-4ED2-A71C-A4ED5074EC0C}.Debug|x64.Build.0 = Debug|x64
		{DC2EAAF3-01B8-4ED2-A71C-A4ED5074EC0C}.Debug|x86.ActiveCfg = Debug|Win32
		{DC2EAAF3-01B8-4ED2-A71C-A4ED5074EC0C}.Debug|x86.Build.0 = Debug|Win32
		{DC2EAAF3-01B8-4ED2-A71C-A4ED5074EC0C}.Release|x64.ActiveCfg = Release|x64
		{DC2EAAF3-01B8-4ED2-A71C-A4ED5074EC0C}.Release|x64.Build.0 = Release|x64
		{DC2EAAF3-01B8-4ED2-A71C-A4ED5074EC0C}.Release|x86.ActiveCfg = Release|Win32
		{DC2EAAF3-01B8-4ED2-A71C-A4ED5074EC0C}.Release|x86.Build.0 = Release|Win32
		{2C7F45D1-B8AE-42E5-941F-54389E4A2794}.Debug|x64.ActiveCfg = Debug|x64
		{2C7F45D1-B8AE-42E5-941F-54389E4A2794}.Debug|x64.Build.0 = Debug|x64
		{2C7F45D1-B8AE-42E5-941F-54389E4A2794}.Debug|x86.ActiveCfg = Debug|Win32
		{2C7F45D1-B8AE-42E5-941F-54389E4A2794}.Debug|x86.Build.0 = Debug|Win32
		{2C7F45D1-B8AE-42E5-941F-54389E4A2794}.Release|x64.ActiveCfg = Release|x64
		{2C7F45D1-B8AE-42E5-941F-54389E4A2794}.Release|x64.Build.0 = Release|x64
		{2C7F45D1-B8AE-42E5-941F-54389E4A2794}.Release|x86.ActiveCfg = Release|Win32
		{2C7F45D1-B8AE-42E5-941F-54389E4A2794}.Release|x86.Build.0 = Release|Win32
		{EFD1CA2C-4CF9-477A-8861-1306D8D9A26A}.Debug|x64.ActiveCfg = Debug|x64
		{EFD1CA2C-4CF9-477A-8861-1306D8D9A26A}.Debug|x64.Build.0 = Debug|x64
		{EFD1CA2C-4CF9-477A-8861-1306D8D9A26A}.Debug|x86.ActiveCfg = Debug|Win32
		{EFD1CA2C-4CF9-477A-8861-1306D8D9A26A}.Debug|x86.Build.0 = Debug|Win32
		{EFD1CA2C-4CF9-477A-8861-1306D8D9A26A}.Release|x64.ActiveCfg = Release|x64
		{EFD1CA2C-4CF9-477A-8861-1306D8D9A26A}.Release|x64.Build.0 = Release|x64
		{EFD1CA2C-4CF9-477A-8861-1306D8D9A26A}.Release|x86.ActiveCfg = Release|Win32
		{EFD1CA2C-4CF9-477A-8861-1306D8D9A26A}.Release|x86.Build.0 = Release|Win32
		{5EF2F0BF-10DB-4BC0-B8AF-235E162CC4CA}.Debug|x64.ActiveCfg = Debug|x64
		{5EF2F0BF-10DB-4BC0-B8AF-235E162CC4CA}.Debug|x64.Build.0 = Debug|x64
		{5EF2F0BF-10DB-4BC0-B8AF-235E162CC4CA}.Debug|x86.ActiveCfg = Debug|Win32
		{5EF2F0BF-10DB-4BC0-B8AF-235E162CC4CA}.Debug|x86.Build.0 = Debug|Win32
		{5EF2F0BF-10DB-4BC0-B8AF-235E162CC4CA}.Release|x64.ActiveCfg = Release|x64
		{5EF2F0BF-10DB-4BC0-B8AF-235E162CC4CA}.Release|x64.Build.0 = Release|x64
		{5EF2F0BF-10DB-4BC0-B8AF-235E162CC4CA}.Release|x86.ActiveCfg = Release|Win32
		{5EF2F0BF-10DB-4BC0-B8AF-235E162CC4CA}.Release|x86.Build.0 = Release|Win32
		{B241B630-142A-4316-B0CE-2B8B246A7BA3}.Debug|x64.ActiveCfg = Debug|x64
		{B241B630-142A-4316-B0CE-2B8B246A7BA3}.Debug|x64.Build.0 = Debug|x64
		{B241B630-142A-4316-B0CE-2B8B246A7BA3}.Debug|x86.ActiveCfg = Debug|Win32
		{B241B630-142A-4316-B0CE-2B8B246A7BA3}.Debug|x86.Build.0 = Debug|Win32
		{B241B630-142A-4316-B0CE-2B8B246A7BA3}.Release|x64.ActiveCfg = Release|x64
		{B241B630-142A-4316-B0CE-2B8B246A7BA3}.Release|x64.Build.0 = Release|x64
		{B241B630-142A-4316-B0CE-2B8B246A7BA3}.Release|x86.ActiveCfg = Release|Win32
		{B241B630-142A-4316-B0CE-2B8B246A7BA3}.Release|x86.Build.0 = Release|Win32
	EndGlobalSection
	GlobalSection(SolutionProperties) = preSolution
		HideSolutionNode = FALSE
	EndGlobalSection
	GlobalSection(ExtensibilityGlobals) = postSolution
		SolutionGuid = {A51750BE-E064-42DB-9297-FC90503289FD}
	EndGlobalSection
EndGlobal
